// !$*UTF8*$!
{
	archiveVersion = 1;
	classes = {
	};
	objectVersion = 77;
	objects = {

/* Begin PBXBuildFile section */
		0365773AD438E93127C83C7A /* GlassModifiers.swift in Sources */ = {isa = PBXBuildFile; fileRef = 159C86922803A5EE97A1D0B3 /* GlassModifiers.swift */; };
		04586C225EA77E2533C3AA25 /* AtmoWidgets.swift in Sources */ = {isa = PBXBuildFile; fileRef = 8585BF821D960AC264BE6505 /* AtmoWidgets.swift */; };
		0617B59CC43C75FA49B924A9 /* WalletPassGenerator.swift in Sources */ = {isa = PBXBuildFile; fileRef = CEFB71039D234F1E6B1A1620 /* WalletPassGenerator.swift */; };
		0754FB8F08C37F2424C85621 /* ImageAltTextGenerator.swift in Sources */ = {isa = PBXBuildFile; fileRef = B0428C8CF6D1961E0D0B8A60 /* ImageAltTextGenerator.swift */; };
		08B19C0F3DD2FFC095D6913A /* AtmoColors.swift in Sources */ = {isa = PBXBuildFile; fileRef = A9CE2293C659B96F8502E117 /* AtmoColors.swift */; };
		0AF1BB3E4B376EA78F8C2B82 /* AttachmentMenu.swift in Sources */ = {isa = PBXBuildFile; fileRef = 40F61145768666D41432CF33 /* AttachmentMenu.swift */; };
		0BEE367ACF73BAA1DEB8E681 /* BackgroundSync.swift in Sources */ = {isa = PBXBuildFile; fileRef = 6877B7BEB880A0D1F13C3DB9 /* BackgroundSync.swift */; };
		0F02E5858697DCFA8EEED19A /* VaultLockToast.swift in Sources */ = {isa = PBXBuildFile; fileRef = 2DB79F37363D01D8A6EC6C5D /* VaultLockToast.swift */; };
		14729AEC6C1BA755FFE20DCF /* AppleMediaProcessor.swift in Sources */ = {isa = PBXBuildFile; fileRef = CBF8F6165BB4E8C1496674D9 /* AppleMediaProcessor.swift */; };
		16413942467282E362CE91CD /* InAppBrowser.swift in Sources */ = {isa = PBXBuildFile; fileRef = 967CF623DACB557545B3E065 /* InAppBrowser.swift */; };
		17A83F126C1CDA6DE9BC417A /* TranslationHelper.swift in Sources */ = {isa = PBXBuildFile; fileRef = 8ECBF46F2260DDDFB90663C7 /* TranslationHelper.swift */; };
		1843786BDF6D8A2D2A15ED7D /* ThemeSettings.swift in Sources */ = {isa = PBXBuildFile; fileRef = 2963C0869ED9D6AFF8E0255B /* ThemeSettings.swift */; };
		1B86384E09352AC5D7806E10 /* AsyncCachedImage.swift in Sources */ = {isa = PBXBuildFile; fileRef = 90536C4D03C78CBCEE85EFEF /* AsyncCachedImage.swift */; };
		1CCE17DC47CF63155C92DF0B /* GhostsView.swift in Sources */ = {isa = PBXBuildFile; fileRef = 492B9BD7100475A0535529CF /* GhostsView.swift */; };
		1FD075E8CE0F3E8D42D1958C /* GlassCard.swift in Sources */ = {isa = PBXBuildFile; fileRef = 35D8ECCAC181EE3791D987A6 /* GlassCard.swift */; };
		22BC73F208891F3B99FDD44C /* DraftsView.swift in Sources */ = {isa = PBXBuildFile; fileRef = BFD035BF0A58A2F8E60C0E74 /* DraftsView.swift */; };
		237A8B3C295991985EF383B8 /* FeedItemView.swift in Sources */ = {isa = PBXBuildFile; fileRef = 314CED221A493CBD1616999A /* FeedItemView.swift */; };
		269CDC34B769809348CDC5A4 /* SpotlightPostIndexer.swift in Sources */ = {isa = PBXBuildFile; fileRef = E1CFA79F7ED4A84640507EF6 /* SpotlightPostIndexer.swift */; };
		2AF5186EF649B43010513527 /* PostPublishStatusPill.swift in Sources */ = {isa = PBXBuildFile; fileRef = 1D5A94A7DD92632CA528A416 /* PostPublishStatusPill.swift */; };
		2EE88E0D0E78F6E31E781F9F /* SearchMediaGrid.swift in Sources */ = {isa = PBXBuildFile; fileRef = 8E34061A67FFB9244D8BC90F /* SearchMediaGrid.swift */; };
		3137ACFB0D8B6B24FB93BB88 /* ErrorBannerView.swift in Sources */ = {isa = PBXBuildFile; fileRef = B9AD2FFF59B01294EB8AFC66 /* ErrorBannerView.swift */; };
		320A238A978F8AB733A1F625 /* ComposerMediaPreview.swift in Sources */ = {isa = PBXBuildFile; fileRef = A2E333B9A5EC43F657C9DD89 /* ComposerMediaPreview.swift */; };
		34B3130D9C48719711C61581 /* ConversationDetailView.swift in Sources */ = {isa = PBXBuildFile; fileRef = 72EE8B6712C41D5DFE13C192 /* ConversationDetailView.swift */; };
		3874E80E83F7CE3D56B75D42 /* LoginView.swift in Sources */ = {isa = PBXBuildFile; fileRef = 31F5CC67B73F5649C235A041 /* LoginView.swift */; };
		38DD29F30F1D0DF7D8A47C25 /* AppRouter.swift in Sources */ = {isa = PBXBuildFile; fileRef = A27B819F70B1B177035BB257 /* AppRouter.swift */; };
		3C9F6740996C78F4A33AF27A /* ImageLuminance.swift in Sources */ = {isa = PBXBuildFile; fileRef = 3577D6D478003F8E6955F1A5 /* ImageLuminance.swift */; };
		3D9CBFC5BCDE3483749C5151 /* ProfilePostsView.swift in Sources */ = {isa = PBXBuildFile; fileRef = C0B733C0076171F15536FD45 /* ProfilePostsView.swift */; };
		3F89056E069A824C40873F76 /* WatchNotificationsView.swift in Sources */ = {isa = PBXBuildFile; fileRef = 29A102F8922C0C58A2E8AFC5 /* WatchNotificationsView.swift */; };
		3F9E94655B87753534A158EA /* VaultView.swift in Sources */ = {isa = PBXBuildFile; fileRef = 138983AE61340680FD80D0CD /* VaultView.swift */; };
		4072269A50D8C59B0D80239E /* ImageViewerView.swift in Sources */ = {isa = PBXBuildFile; fileRef = DCFE019FBE762F5CE1E1434B /* ImageViewerView.swift */; };
		4246AE5C24CA10CADE98F717 /* BookmarkEntity.swift in Sources */ = {isa = PBXBuildFile; fileRef = AEC1F4469F6843F13F335A9F /* BookmarkEntity.swift */; };
		425A29595AF68557AFF44A52 /* AtmoApp.swift in Sources */ = {isa = PBXBuildFile; fileRef = 1E27E161212025CBDA762FF7 /* AtmoApp.swift */; };
		44E6166DCA6D97001FEF5F1F /* ThreadReaderView.swift in Sources */ = {isa = PBXBuildFile; fileRef = 5CC35E00C3AF01396EEA33F0 /* ThreadReaderView.swift */; };
		496F933C6600B2472C27686C /* LoadingView.swift in Sources */ = {isa = PBXBuildFile; fileRef = 1852C1676F9B93E2152D1D2C /* LoadingView.swift */; };
		4C4B14C8E18179FDD53D0A24 /* ThreadView.swift in Sources */ = {isa = PBXBuildFile; fileRef = 7A042721FAAFC56FB1EF66BA /* ThreadView.swift */; };
		51A0257E15391064E3797F9B /* SensitiveMediaShield.swift in Sources */ = {isa = PBXBuildFile; fileRef = ED383751DFB3B02B9A712C71 /* SensitiveMediaShield.swift */; };
		51F375B821D4965C72C435E5 /* MediaSaver.swift in Sources */ = {isa = PBXBuildFile; fileRef = 683DDE26363C825F6115B859 /* MediaSaver.swift */; };
		52309379F3B2F77238279E09 /* ATProtoKit in Frameworks */ = {isa = PBXBuildFile; productRef = 1E32899101AB10F64A175CE4 /* ATProtoKit */; };
		525C3745C23625E7227952AF /* GIFPickerSheet.swift in Sources */ = {isa = PBXBuildFile; fileRef = A9EDCB899AC4237D528F37EA /* GIFPickerSheet.swift */; };
		52A7076A1EC50C6BFBE8049A /* MessageBubbleView.swift in Sources */ = {isa = PBXBuildFile; fileRef = AC62D50695E20DD950DBCC06 /* MessageBubbleView.swift */; };
		53F5849D7A7E79458EF3CABC /* FamilyControlsIntegration.swift in Sources */ = {isa = PBXBuildFile; fileRef = BB7514C448FB5F66CB177762 /* FamilyControlsIntegration.swift */; };
		54BA4BC259F1F2EDF4DB2490 /* AtmoTheme.swift in Sources */ = {isa = PBXBuildFile; fileRef = 24D4C752CD2EE12A1600868A /* AtmoTheme.swift */; };
		5937998BA3B19976F6A6D359 /* ComposerToolbar.swift in Sources */ = {isa = PBXBuildFile; fileRef = 487A47451110A7905995A9DF /* ComposerToolbar.swift */; };
		5AB9600490C0216F7643C6E8 /* AtmoFonts.swift in Sources */ = {isa = PBXBuildFile; fileRef = A6D5F6254C490BEED1F318C7 /* AtmoFonts.swift */; };
		5F3DC0D73743F0A9DC942566 /* ProfileView.swift in Sources */ = {isa = PBXBuildFile; fileRef = B42653DA347F1073FF2A5E5C /* ProfileView.swift */; };
		5F8C12D599119CB1CF601449 /* Haptics.swift in Sources */ = {isa = PBXBuildFile; fileRef = E76232602161DBBA414A3F3F /* Haptics.swift */; };
		601F1FF12CFA8FEB050AE0AA /* PostPublishBridge.swift in Sources */ = {isa = PBXBuildFile; fileRef = 10FBF08904E5D1B1C40366B7 /* PostPublishBridge.swift */; };
		608B471477A0B8E69EC0FA5E /* WalletPassSheet.swift in Sources */ = {isa = PBXBuildFile; fileRef = 429CC2A991D8A68270AE8F77 /* WalletPassSheet.swift */; };
		61C3882AD82293D24920BD63 /* DrawingSheet.swift in Sources */ = {isa = PBXBuildFile; fileRef = DC1867ACECC3FF646FE786AD /* DrawingSheet.swift */; };
		62289897EBF007549FD8E5A7 /* PostActionsView.swift in Sources */ = {isa = PBXBuildFile; fileRef = 0A6686670E324E9F566CB4BF /* PostActionsView.swift */; };
		64E378E16276F100204DDC1F /* SendPostSheet.swift in Sources */ = {isa = PBXBuildFile; fileRef = 60B9632F79CB5CC5D848C983 /* SendPostSheet.swift */; };
		68E35D479091FE23D6CBE6DC /* UbiquitousKeyValueStore.swift in Sources */ = {isa = PBXBuildFile; fileRef = F47B521D88EECE8CBBC9142B /* UbiquitousKeyValueStore.swift */; };
		69F413184BA7CB154C3B6D07 /* ConversationListView.swift in Sources */ = {isa = PBXBuildFile; fileRef = AAE176C0DD24FECA866AD862 /* ConversationListView.swift */; };
		6CDC0FE710C1AAE1C8C8A133 /* Assets.xcassets in Resources */ = {isa = PBXBuildFile; fileRef = E35E4112FA41B1233D574B12 /* Assets.xcassets */; };
		6DA828B883E3B1912E20D3F5 /* EditProfileView.swift in Sources */ = {isa = PBXBuildFile; fileRef = 0313DE856480435B53F1F399 /* EditProfileView.swift */; };
		7314CAAA255AFD978D889749 /* NewConversationView.swift in Sources */ = {isa = PBXBuildFile; fileRef = 93D1E7B8D83296E87147911D /* NewConversationView.swift */; };
		744CEA9BEE824804F8AEA7FC /* PostEmbedView.swift in Sources */ = {isa = PBXBuildFile; fileRef = BC7B1466B45A8EACAE111A51 /* PostEmbedView.swift */; };
		74AD34926FDEAA8F0A72BE0B /* VaultAuthenticator.swift in Sources */ = {isa = PBXBuildFile; fileRef = 83DBE5011FE70DD0021B3AEA /* VaultAuthenticator.swift */; };
		74EF77254149C0663801FD81 /* UserNotificationsPresenter.swift in Sources */ = {isa = PBXBuildFile; fileRef = 36E0C8EC75200B697CDD1185 /* UserNotificationsPresenter.swift */; };
		7B6BC22E33031CEC4B38B428 /* SpecularLogoView.swift in Sources */ = {isa = PBXBuildFile; fileRef = CDB84B1D79468EBED66B8A63 /* SpecularLogoView.swift */; };
		8150894439CB53091D47AE85 /* WatchTimelineView.swift in Sources */ = {isa = PBXBuildFile; fileRef = 67B95718F96B1698E4E6D325 /* WatchTimelineView.swift */; };
		81C1B251767AB494C725524A /* ApplePlatform.swift in Sources */ = {isa = PBXBuildFile; fileRef = B87E86E430EFC5C8B869C3B3 /* ApplePlatform.swift */; };
		82C2AF0F91C68A4CE333B1EF /* AtmoWatch.app in Embed Watch Content */ = {isa = PBXBuildFile; fileRef = C8812C89BCC2BEEB3E008A36 /* AtmoWatch.app */; platformFilters = (ios, ); settings = {ATTRIBUTES = (RemoveHeadersOnCopy, ); }; };
		8390A1B5BDE2DF72B827D98E /* CameraCaptureView.swift in Sources */ = {isa = PBXBuildFile; fileRef = FB2E5444F50ACEF0FDA98D79 /* CameraCaptureView.swift */; };
		85D0A273B77BD737EECC6FAA /* VideoPreparer.swift in Sources */ = {isa = PBXBuildFile; fileRef = 7A30966828A3215EB97F9E95 /* VideoPreparer.swift */; };
		8A87FF65B1281F8A846BA4A5 /* ReportAccountView.swift in Sources */ = {isa = PBXBuildFile; fileRef = 2CB7DBBA3CB030E81D125CFC /* ReportAccountView.swift */; };
		9416002A7EAA42E6C11AF351 /* FamilyControlsIntegration.swift in Sources */ = {isa = PBXBuildFile; fileRef = BB7514C448FB5F66CB177762 /* FamilyControlsIntegration.swift */; };
		961CF1A3E9B0AF62E5BF2354 /* AppIcon.icon in Resources */ = {isa = PBXBuildFile; fileRef = A5F2F77009664EB20C077752 /* AppIcon.icon */; };
		97D88ED4F32BD89BA0AE5E6A /* VerifiedBadge.swift in Sources */ = {isa = PBXBuildFile; fileRef = A585053040099E29C26DAB2B /* VerifiedBadge.swift */; };
		99AE6A6A224F8D73C0BF7BBC /* WaveformVideoRenderer.swift in Sources */ = {isa = PBXBuildFile; fileRef = B92842F70CAD67EDA55ED508 /* WaveformVideoRenderer.swift */; };
		9C3AADAD4AEF37DC322745D7 /* VoiceMemoSheet.swift in Sources */ = {isa = PBXBuildFile; fileRef = 55A4F0DB8994184336815282 /* VoiceMemoSheet.swift */; };
		9D314B40BE2982783BE8F3FC /* NotificationsView.swift in Sources */ = {isa = PBXBuildFile; fileRef = FDA7CC137FDE37E7F4B702FE /* NotificationsView.swift */; };
		9D95D77F4D6706F568B39C79 /* UserNotificationsPresenter.swift in Sources */ = {isa = PBXBuildFile; fileRef = 36E0C8EC75200B697CDD1185 /* UserNotificationsPresenter.swift */; };
		9E65C40F684CE143356DAAF2 /* EmbeddedVideoPlayer.swift in Sources */ = {isa = PBXBuildFile; fileRef = E3E8DFAAE13D068BB6E88F6C /* EmbeddedVideoPlayer.swift */; };
		9E7911FA6902AA3000006E65 /* VaultAuthenticator.swift in Sources */ = {isa = PBXBuildFile; fileRef = 83DBE5011FE70DD0021B3AEA /* VaultAuthenticator.swift */; };
		9F5252CF24C5091CEBD26A34 /* WatchSettingsView.swift in Sources */ = {isa = PBXBuildFile; fileRef = BBACCE37292793A5CC6E3831 /* WatchSettingsView.swift */; };
		A11DA6AB3574700701E71FB7 /* ImagePrefetcher.swift in Sources */ = {isa = PBXBuildFile; fileRef = 4AE0BA51F1E6FB63EDB27577 /* ImagePrefetcher.swift */; };
		A96680C4D87175D11D055E72 /* ApplePlatform.swift in Sources */ = {isa = PBXBuildFile; fileRef = B87E86E430EFC5C8B869C3B3 /* ApplePlatform.swift */; };
		A996B0E0ECE714B5BEECDC2D /* BlueskySearchIntents.swift in Sources */ = {isa = PBXBuildFile; fileRef = 1F0388279D04A09A7BD5AF48 /* BlueskySearchIntents.swift */; };
		AA7AEB11D4F63900E31D774F /* SpotlightPostIndexer.swift in Sources */ = {isa = PBXBuildFile; fileRef = E1CFA79F7ED4A84640507EF6 /* SpotlightPostIndexer.swift */; };
		AE8A906C844649E37C9E8907 /* View+Atmo.swift in Sources */ = {isa = PBXBuildFile; fileRef = 8B04EE931B31F8F7BFBE70C9 /* View+Atmo.swift */; };
		AFA3D7D5DD6407DF10099411 /* KeychainSecretsStore.swift in Sources */ = {isa = PBXBuildFile; fileRef = A3F2E63AD46C5826C264DA4A /* KeychainSecretsStore.swift */; };
		B346F6A39232B0B8C9FE1592 /* UbiquitousKeyValueStore.swift in Sources */ = {isa = PBXBuildFile; fileRef = F47B521D88EECE8CBBC9142B /* UbiquitousKeyValueStore.swift */; };
		B393D1BC5A3CEB74E2B531C5 /* AtmoWidgets.appex in Embed Foundation Extensions */ = {isa = PBXBuildFile; fileRef = 43DFA7F337C478835D66241B /* AtmoWidgets.appex */; platformFilters = (ios, ); settings = {ATTRIBUTES = (RemoveHeadersOnCopy, ); }; };
		B3E82C93C975BF5B130A66C3 /* PostPublishAttributes.swift in Sources */ = {isa = PBXBuildFile; fileRef = DF1D9BDBDBCE2292830AA7E9 /* PostPublishAttributes.swift */; };
		B449D5D49FCF4C84E2842261 /* SettingsView.swift in Sources */ = {isa = PBXBuildFile; fileRef = 9084323DF95DF070B6E3BC73 /* SettingsView.swift */; };
		BA547FD6B799B74C41882C96 /* AtmoWatchApp.swift in Sources */ = {isa = PBXBuildFile; fileRef = C9658D1CD2CE07F044CA212D /* AtmoWatchApp.swift */; };
		BD407337803ED8DE0E6C85CB /* RichTextView.swift in Sources */ = {isa = PBXBuildFile; fileRef = EFDAE3CD661558EEAF60A875 /* RichTextView.swift */; };
		BE8B98FCEB54958390E98792 /* MediaPresentation.swift in Sources */ = {isa = PBXBuildFile; fileRef = 45C433ECB23852BAF8233CC2 /* MediaPresentation.swift */; };
		BFED697050C2916BE78B1F11 /* Assets.xcassets in Resources */ = {isa = PBXBuildFile; fileRef = E35E4112FA41B1233D574B12 /* Assets.xcassets */; };
		C0C560B337FACFEC4A5AE2BE /* TranslateButton.swift in Sources */ = {isa = PBXBuildFile; fileRef = 900DE4B09A74ED39CF4A5C62 /* TranslateButton.swift */; };
		C3FCC3EC164628B409301EB6 /* ProfileHeaderView.swift in Sources */ = {isa = PBXBuildFile; fileRef = C62B909A2464E8BE9773B576 /* ProfileHeaderView.swift */; };
		CCD3FF9032F6926429B85AB8 /* SearchView.swift in Sources */ = {isa = PBXBuildFile; fileRef = 60BFCDD1F37B662C607BF339 /* SearchView.swift */; };
		CCE4B116D34C9F4F713CB35F /* TwoFactorView.swift in Sources */ = {isa = PBXBuildFile; fileRef = EFE1AB1182A6CEE1EAC1C431 /* TwoFactorView.swift */; };
		CD59977FDDDA4C9C1A1F767B /* Pasteboard+Atmo.swift in Sources */ = {isa = PBXBuildFile; fileRef = EAA8D74EB6AC8E9B734C1407 /* Pasteboard+Atmo.swift */; };
		CE4C749BDE87979B530FE5A0 /* LikedPostsView.swift in Sources */ = {isa = PBXBuildFile; fileRef = EE1D4306B9B229153CAA9545 /* LikedPostsView.swift */; };
		D1FEF82FE42D24D1F3A24717 /* ComposerView.swift in Sources */ = {isa = PBXBuildFile; fileRef = BF46EADCBCB1DEE04BB4C93A /* ComposerView.swift */; };
		D76BEAC02FBCD4579AC8F14F /* TimelineView.swift in Sources */ = {isa = PBXBuildFile; fileRef = 62E1F323E5E970FA2FF9BFF0 /* TimelineView.swift */; };
		D88C5A142817BF4B66929CB4 /* ImageEnhancer.swift in Sources */ = {isa = PBXBuildFile; fileRef = 6FD59E289E3F205B61BF1046 /* ImageEnhancer.swift */; };
		D8955B361EE8532C4AE57E4F /* NotificationRowView.swift in Sources */ = {isa = PBXBuildFile; fileRef = C72B71FDBED4A59D692EC401 /* NotificationRowView.swift */; };
		D8AFD22DDF58E4232CD4EA49 /* AppNavigation.swift in Sources */ = {isa = PBXBuildFile; fileRef = E7364AB0C403D888FADBF61D /* AppNavigation.swift */; };
		D9B05E0355DDA09685A4C8EF /* AtmoCore in Frameworks */ = {isa = PBXBuildFile; productRef = 0E514D55557F1726BB4B47A5 /* AtmoCore */; };
		DAEA684A5B95EDDD12466274 /* BookmarksView.swift in Sources */ = {isa = PBXBuildFile; fileRef = D715FDD86925513414979F8E /* BookmarksView.swift */; };
		DC523B4305411F0780BAB576 /* WatchLoginView.swift in Sources */ = {isa = PBXBuildFile; fileRef = 66FE2F6749F651AF55F5CEFD /* WatchLoginView.swift */; };
		E7903FF5DC85AB383FC7F926 /* AtmoIntents.swift in Sources */ = {isa = PBXBuildFile; fileRef = 900F28B4BB0B107F080F5DD8 /* AtmoIntents.swift */; };
		E92762AD164A88086C21B0A8 /* AvatarView.swift in Sources */ = {isa = PBXBuildFile; fileRef = 810F3101A6618E68B1AC2A36 /* AvatarView.swift */; };
		EC3CB4409134C1E9890E3A49 /* AnimatedGIFView.swift in Sources */ = {isa = PBXBuildFile; fileRef = 5AD0CF7F30DC8F8729AD7F72 /* AnimatedGIFView.swift */; };
		EDBF8BC2F06A2A30279639E1 /* KeychainSecretsStore.swift in Sources */ = {isa = PBXBuildFile; fileRef = A3F2E63AD46C5826C264DA4A /* KeychainSecretsStore.swift */; };
		EDDDF319E4EAB088ECDDAD6B /* AtmoCore in Frameworks */ = {isa = PBXBuildFile; productRef = 00BA650A642C01670434726A /* AtmoCore */; };
		EE1432A2731D07E549451814 /* BackgroundSync.swift in Sources */ = {isa = PBXBuildFile; fileRef = 6877B7BEB880A0D1F13C3DB9 /* BackgroundSync.swift */; };
		F04BF31AAC1875781D4500D4 /* WelcomePostsBackground.swift in Sources */ = {isa = PBXBuildFile; fileRef = DBCE0B04362B3AB22D835544 /* WelcomePostsBackground.swift */; };
		F08AD90A262445DE0D9F4405 /* UbiquitousFileStore.swift in Sources */ = {isa = PBXBuildFile; fileRef = CA2D34D55070B2FDC31315BF /* UbiquitousFileStore.swift */; };
		F1D6882A4A6CD316A9931108 /* WalletPass in Resources */ = {isa = PBXBuildFile; fileRef = B9FB9EF0F1DE74BF80B8EFC9 /* WalletPass */; };
		F1E7A2C138947A1556C26B77 /* ATProtoKit in Frameworks */ = {isa = PBXBuildFile; productRef = 5DFD0103A658C3BEAD99D4A2 /* ATProtoKit */; };
		F235A2E06CE342C9401095D2 /* TopicSummaryCard.swift in Sources */ = {isa = PBXBuildFile; fileRef = 76CD6821579000DFC2010C06 /* TopicSummaryCard.swift */; };
		F2B5642AA48BFC893A8E112F /* DetachedVideoWindow.swift in Sources */ = {isa = PBXBuildFile; fileRef = 4ED2C660D1A0CAB34517CE3D /* DetachedVideoWindow.swift */; };
		FAB6AC450F9A9B635B439808 /* PostPublishAttributes.swift in Sources */ = {isa = PBXBuildFile; fileRef = DF1D9BDBDBCE2292830AA7E9 /* PostPublishAttributes.swift */; };
		FCC2510DB09B78B7D5D22BF9 /* UbiquitousFileStore.swift in Sources */ = {isa = PBXBuildFile; fileRef = CA2D34D55070B2FDC31315BF /* UbiquitousFileStore.swift */; };
		FD9D10F7C15AD37F1DEABA2B /* GhostBadge.swift in Sources */ = {isa = PBXBuildFile; fileRef = 5745813F3F0385BD4EC737C7 /* GhostBadge.swift */; };
		FDF994D444AD359F37ABB124 /* BookmarkPickerSheet.swift in Sources */ = {isa = PBXBuildFile; fileRef = 39A5B39E9A7B97C2A2F1E3FA /* BookmarkPickerSheet.swift */; };
/* End PBXBuildFile section */

/* Begin PBXContainerItemProxy section */
		875AD33951179CBFE85E9E6A /* PBXContainerItemProxy */ = {
			isa = PBXContainerItemProxy;
			containerPortal = 4A63ADFCB8546730AE283852 /* Project object */;
			proxyType = 1;
			remoteGlobalIDString = DD3BEC129863403A10055811;
			remoteInfo = AtmoWidgets;
		};
		9BE6D21A58E243B09687A12E /* PBXContainerItemProxy */ = {
			isa = PBXContainerItemProxy;
			containerPortal = 4A63ADFCB8546730AE283852 /* Project object */;
			proxyType = 1;
			remoteGlobalIDString = BD3FF3D75E7C3BF859693E7F;
			remoteInfo = AtmoWatch;
		};
/* End PBXContainerItemProxy section */

/* Begin PBXCopyFilesBuildPhase section */
		4CEBD83440462363218FA70A /* Embed Watch Content */ = {
			isa = PBXCopyFilesBuildPhase;
			buildActionMask = 2147483647;
			dstPath = "$(CONTENTS_FOLDER_PATH)/Watch";
			dstSubfolderSpec = 16;
			files = (
				82C2AF0F91C68A4CE333B1EF /* AtmoWatch.app in Embed Watch Content */,
			);
			name = "Embed Watch Content";
			runOnlyForDeploymentPostprocessing = 0;
		};
		5D9A251962EB660F49E393A0 /* Embed Foundation Extensions */ = {
			isa = PBXCopyFilesBuildPhase;
			buildActionMask = 2147483647;
			dstPath = "";
			dstSubfolderSpec = 13;
			files = (
				B393D1BC5A3CEB74E2B531C5 /* AtmoWidgets.appex in Embed Foundation Extensions */,
			);
			name = "Embed Foundation Extensions";
			runOnlyForDeploymentPostprocessing = 0;
		};
/* End PBXCopyFilesBuildPhase section */

/* Begin PBXFileReference section */
		0313DE856480435B53F1F399 /* EditProfileView.swift */ = {isa = PBXFileReference; lastKnownFileType = sourcecode.swift; path = EditProfileView.swift; sourceTree = "<group>"; };
		0A6686670E324E9F566CB4BF /* PostActionsView.swift */ = {isa = PBXFileReference; lastKnownFileType = sourcecode.swift; path = PostActionsView.swift; sourceTree = "<group>"; };
		10FBF08904E5D1B1C40366B7 /* PostPublishBridge.swift */ = {isa = PBXFileReference; lastKnownFileType = sourcecode.swift; path = PostPublishBridge.swift; sourceTree = "<group>"; };
		138983AE61340680FD80D0CD /* VaultView.swift */ = {isa = PBXFileReference; lastKnownFileType = sourcecode.swift; path = VaultView.swift; sourceTree = "<group>"; };
		159C86922803A5EE97A1D0B3 /* GlassModifiers.swift */ = {isa = PBXFileReference; lastKnownFileType = sourcecode.swift; path = GlassModifiers.swift; sourceTree = "<group>"; };
		181362BFA45FA1C0A7EB1182 /* AtmoCore */ = {isa = PBXFileReference; lastKnownFileType = folder; name = AtmoCore; path = AtmoCore; sourceTree = SOURCE_ROOT; };
		1852C1676F9B93E2152D1D2C /* LoadingView.swift */ = {isa = PBXFileReference; lastKnownFileType = sourcecode.swift; path = LoadingView.swift; sourceTree = "<group>"; };
		1D5A94A7DD92632CA528A416 /* PostPublishStatusPill.swift */ = {isa = PBXFileReference; lastKnownFileType = sourcecode.swift; path = PostPublishStatusPill.swift; sourceTree = "<group>"; };
		1E27E161212025CBDA762FF7 /* AtmoApp.swift */ = {isa = PBXFileReference; lastKnownFileType = sourcecode.swift; path = AtmoApp.swift; sourceTree = "<group>"; };
		1F0388279D04A09A7BD5AF48 /* BlueskySearchIntents.swift */ = {isa = PBXFileReference; lastKnownFileType = sourcecode.swift; path = BlueskySearchIntents.swift; sourceTree = "<group>"; };
		24D4C752CD2EE12A1600868A /* AtmoTheme.swift */ = {isa = PBXFileReference; lastKnownFileType = sourcecode.swift; path = AtmoTheme.swift; sourceTree = "<group>"; };
		2963C0869ED9D6AFF8E0255B /* ThemeSettings.swift */ = {isa = PBXFileReference; lastKnownFileType = sourcecode.swift; path = ThemeSettings.swift; sourceTree = "<group>"; };
		29A102F8922C0C58A2E8AFC5 /* WatchNotificationsView.swift */ = {isa = PBXFileReference; lastKnownFileType = sourcecode.swift; path = WatchNotificationsView.swift; sourceTree = "<group>"; };
		2CB7DBBA3CB030E81D125CFC /* ReportAccountView.swift */ = {isa = PBXFileReference; lastKnownFileType = sourcecode.swift; path = ReportAccountView.swift; sourceTree = "<group>"; };
		2DB79F37363D01D8A6EC6C5D /* VaultLockToast.swift */ = {isa = PBXFileReference; lastKnownFileType = sourcecode.swift; path = VaultLockToast.swift; sourceTree = "<group>"; };
		314CED221A493CBD1616999A /* FeedItemView.swift */ = {isa = PBXFileReference; lastKnownFileType = sourcecode.swift; path = FeedItemView.swift; sourceTree = "<group>"; };
		31F5CC67B73F5649C235A041 /* LoginView.swift */ = {isa = PBXFileReference; lastKnownFileType = sourcecode.swift; path = LoginView.swift; sourceTree = "<group>"; };
		3577D6D478003F8E6955F1A5 /* ImageLuminance.swift */ = {isa = PBXFileReference; lastKnownFileType = sourcecode.swift; path = ImageLuminance.swift; sourceTree = "<group>"; };
		35D8ECCAC181EE3791D987A6 /* GlassCard.swift */ = {isa = PBXFileReference; lastKnownFileType = sourcecode.swift; path = GlassCard.swift; sourceTree = "<group>"; };
		36E0C8EC75200B697CDD1185 /* UserNotificationsPresenter.swift */ = {isa = PBXFileReference; lastKnownFileType = sourcecode.swift; path = UserNotificationsPresenter.swift; sourceTree = "<group>"; };
		39A5B39E9A7B97C2A2F1E3FA /* BookmarkPickerSheet.swift */ = {isa = PBXFileReference; lastKnownFileType = sourcecode.swift; path = BookmarkPickerSheet.swift; sourceTree = "<group>"; };
		40F61145768666D41432CF33 /* AttachmentMenu.swift */ = {isa = PBXFileReference; lastKnownFileType = sourcecode.swift; path = AttachmentMenu.swift; sourceTree = "<group>"; };
		429CC2A991D8A68270AE8F77 /* WalletPassSheet.swift */ = {isa = PBXFileReference; lastKnownFileType = sourcecode.swift; path = WalletPassSheet.swift; sourceTree = "<group>"; };
		43DFA7F337C478835D66241B /* AtmoWidgets.appex */ = {isa = PBXFileReference; includeInIndex = 0; lastKnownFileType = "wrapper.app-extension"; path = AtmoWidgets.appex; sourceTree = BUILT_PRODUCTS_DIR; };
		45C433ECB23852BAF8233CC2 /* MediaPresentation.swift */ = {isa = PBXFileReference; lastKnownFileType = sourcecode.swift; path = MediaPresentation.swift; sourceTree = "<group>"; };
		487A47451110A7905995A9DF /* ComposerToolbar.swift */ = {isa = PBXFileReference; lastKnownFileType = sourcecode.swift; path = ComposerToolbar.swift; sourceTree = "<group>"; };
		492B9BD7100475A0535529CF /* GhostsView.swift */ = {isa = PBXFileReference; lastKnownFileType = sourcecode.swift; path = GhostsView.swift; sourceTree = "<group>"; };
		4AE0BA51F1E6FB63EDB27577 /* ImagePrefetcher.swift */ = {isa = PBXFileReference; lastKnownFileType = sourcecode.swift; path = ImagePrefetcher.swift; sourceTree = "<group>"; };
		4ED2C660D1A0CAB34517CE3D /* DetachedVideoWindow.swift */ = {isa = PBXFileReference; lastKnownFileType = sourcecode.swift; path = DetachedVideoWindow.swift; sourceTree = "<group>"; };
		55A4F0DB8994184336815282 /* VoiceMemoSheet.swift */ = {isa = PBXFileReference; lastKnownFileType = sourcecode.swift; path = VoiceMemoSheet.swift; sourceTree = "<group>"; };
		5745813F3F0385BD4EC737C7 /* GhostBadge.swift */ = {isa = PBXFileReference; lastKnownFileType = sourcecode.swift; path = GhostBadge.swift; sourceTree = "<group>"; };
		5AD0CF7F30DC8F8729AD7F72 /* AnimatedGIFView.swift */ = {isa = PBXFileReference; lastKnownFileType = sourcecode.swift; path = AnimatedGIFView.swift; sourceTree = "<group>"; };
		5CC35E00C3AF01396EEA33F0 /* ThreadReaderView.swift */ = {isa = PBXFileReference; lastKnownFileType = sourcecode.swift; path = ThreadReaderView.swift; sourceTree = "<group>"; };
		60B9632F79CB5CC5D848C983 /* SendPostSheet.swift */ = {isa = PBXFileReference; lastKnownFileType = sourcecode.swift; path = SendPostSheet.swift; sourceTree = "<group>"; };
		60BFCDD1F37B662C607BF339 /* SearchView.swift */ = {isa = PBXFileReference; lastKnownFileType = sourcecode.swift; path = SearchView.swift; sourceTree = "<group>"; };
		62E1F323E5E970FA2FF9BFF0 /* TimelineView.swift */ = {isa = PBXFileReference; lastKnownFileType = sourcecode.swift; path = TimelineView.swift; sourceTree = "<group>"; };
		66FE2F6749F651AF55F5CEFD /* WatchLoginView.swift */ = {isa = PBXFileReference; lastKnownFileType = sourcecode.swift; path = WatchLoginView.swift; sourceTree = "<group>"; };
		67B95718F96B1698E4E6D325 /* WatchTimelineView.swift */ = {isa = PBXFileReference; lastKnownFileType = sourcecode.swift; path = WatchTimelineView.swift; sourceTree = "<group>"; };
		683DDE26363C825F6115B859 /* MediaSaver.swift */ = {isa = PBXFileReference; lastKnownFileType = sourcecode.swift; path = MediaSaver.swift; sourceTree = "<group>"; };
		6877B7BEB880A0D1F13C3DB9 /* BackgroundSync.swift */ = {isa = PBXFileReference; lastKnownFileType = sourcecode.swift; path = BackgroundSync.swift; sourceTree = "<group>"; };
		6FD59E289E3F205B61BF1046 /* ImageEnhancer.swift */ = {isa = PBXFileReference; lastKnownFileType = sourcecode.swift; path = ImageEnhancer.swift; sourceTree = "<group>"; };
		72EE8B6712C41D5DFE13C192 /* ConversationDetailView.swift */ = {isa = PBXFileReference; lastKnownFileType = sourcecode.swift; path = ConversationDetailView.swift; sourceTree = "<group>"; };
		76CD6821579000DFC2010C06 /* TopicSummaryCard.swift */ = {isa = PBXFileReference; lastKnownFileType = sourcecode.swift; path = TopicSummaryCard.swift; sourceTree = "<group>"; };
		7A042721FAAFC56FB1EF66BA /* ThreadView.swift */ = {isa = PBXFileReference; lastKnownFileType = sourcecode.swift; path = ThreadView.swift; sourceTree = "<group>"; };
		7A30966828A3215EB97F9E95 /* VideoPreparer.swift */ = {isa = PBXFileReference; lastKnownFileType = sourcecode.swift; path = VideoPreparer.swift; sourceTree = "<group>"; };
		810F3101A6618E68B1AC2A36 /* AvatarView.swift */ = {isa = PBXFileReference; lastKnownFileType = sourcecode.swift; path = AvatarView.swift; sourceTree = "<group>"; };
		83DBE5011FE70DD0021B3AEA /* VaultAuthenticator.swift */ = {isa = PBXFileReference; lastKnownFileType = sourcecode.swift; path = VaultAuthenticator.swift; sourceTree = "<group>"; };
		8585BF821D960AC264BE6505 /* AtmoWidgets.swift */ = {isa = PBXFileReference; lastKnownFileType = sourcecode.swift; path = AtmoWidgets.swift; sourceTree = "<group>"; };
		8B04EE931B31F8F7BFBE70C9 /* View+Atmo.swift */ = {isa = PBXFileReference; lastKnownFileType = sourcecode.swift; path = "View+Atmo.swift"; sourceTree = "<group>"; };
		8E34061A67FFB9244D8BC90F /* SearchMediaGrid.swift */ = {isa = PBXFileReference; lastKnownFileType = sourcecode.swift; path = SearchMediaGrid.swift; sourceTree = "<group>"; };
		8ECBF46F2260DDDFB90663C7 /* TranslationHelper.swift */ = {isa = PBXFileReference; lastKnownFileType = sourcecode.swift; path = TranslationHelper.swift; sourceTree = "<group>"; };
		900DE4B09A74ED39CF4A5C62 /* TranslateButton.swift */ = {isa = PBXFileReference; lastKnownFileType = sourcecode.swift; path = TranslateButton.swift; sourceTree = "<group>"; };
		900F28B4BB0B107F080F5DD8 /* AtmoIntents.swift */ = {isa = PBXFileReference; lastKnownFileType = sourcecode.swift; path = AtmoIntents.swift; sourceTree = "<group>"; };
		90536C4D03C78CBCEE85EFEF /* AsyncCachedImage.swift */ = {isa = PBXFileReference; lastKnownFileType = sourcecode.swift; path = AsyncCachedImage.swift; sourceTree = "<group>"; };
		9084323DF95DF070B6E3BC73 /* SettingsView.swift */ = {isa = PBXFileReference; lastKnownFileType = sourcecode.swift; path = SettingsView.swift; sourceTree = "<group>"; };
		91938DD29517C10C03A830ED /* Atmo.storekit */ = {isa = PBXFileReference; path = Atmo.storekit; sourceTree = "<group>"; };
		93D1E7B8D83296E87147911D /* NewConversationView.swift */ = {isa = PBXFileReference; lastKnownFileType = sourcecode.swift; path = NewConversationView.swift; sourceTree = "<group>"; };
		967CF623DACB557545B3E065 /* InAppBrowser.swift */ = {isa = PBXFileReference; lastKnownFileType = sourcecode.swift; path = InAppBrowser.swift; sourceTree = "<group>"; };
		A27B819F70B1B177035BB257 /* AppRouter.swift */ = {isa = PBXFileReference; lastKnownFileType = sourcecode.swift; path = AppRouter.swift; sourceTree = "<group>"; };
		A2E333B9A5EC43F657C9DD89 /* ComposerMediaPreview.swift */ = {isa = PBXFileReference; lastKnownFileType = sourcecode.swift; path = ComposerMediaPreview.swift; sourceTree = "<group>"; };
		A3F2E63AD46C5826C264DA4A /* KeychainSecretsStore.swift */ = {isa = PBXFileReference; lastKnownFileType = sourcecode.swift; path = KeychainSecretsStore.swift; sourceTree = "<group>"; };
		A585053040099E29C26DAB2B /* VerifiedBadge.swift */ = {isa = PBXFileReference; lastKnownFileType = sourcecode.swift; path = VerifiedBadge.swift; sourceTree = "<group>"; };
		A5F2F77009664EB20C077752 /* AppIcon.icon */ = {isa = PBXFileReference; lastKnownFileType = wrapper.icon; path = AppIcon.icon; sourceTree = "<group>"; };
		A6D5F6254C490BEED1F318C7 /* AtmoFonts.swift */ = {isa = PBXFileReference; lastKnownFileType = sourcecode.swift; path = AtmoFonts.swift; sourceTree = "<group>"; };
		A9CE2293C659B96F8502E117 /* AtmoColors.swift */ = {isa = PBXFileReference; lastKnownFileType = sourcecode.swift; path = AtmoColors.swift; sourceTree = "<group>"; };
		A9EDCB899AC4237D528F37EA /* GIFPickerSheet.swift */ = {isa = PBXFileReference; lastKnownFileType = sourcecode.swift; path = GIFPickerSheet.swift; sourceTree = "<group>"; };
		AAE176C0DD24FECA866AD862 /* ConversationListView.swift */ = {isa = PBXFileReference; lastKnownFileType = sourcecode.swift; path = ConversationListView.swift; sourceTree = "<group>"; };
		AC62D50695E20DD950DBCC06 /* MessageBubbleView.swift */ = {isa = PBXFileReference; lastKnownFileType = sourcecode.swift; path = MessageBubbleView.swift; sourceTree = "<group>"; };
		AEC1F4469F6843F13F335A9F /* BookmarkEntity.swift */ = {isa = PBXFileReference; lastKnownFileType = sourcecode.swift; path = BookmarkEntity.swift; sourceTree = "<group>"; };
		B0428C8CF6D1961E0D0B8A60 /* ImageAltTextGenerator.swift */ = {isa = PBXFileReference; lastKnownFileType = sourcecode.swift; path = ImageAltTextGenerator.swift; sourceTree = "<group>"; };
		B42653DA347F1073FF2A5E5C /* ProfileView.swift */ = {isa = PBXFileReference; lastKnownFileType = sourcecode.swift; path = ProfileView.swift; sourceTree = "<group>"; };
		B87E86E430EFC5C8B869C3B3 /* ApplePlatform.swift */ = {isa = PBXFileReference; lastKnownFileType = sourcecode.swift; path = ApplePlatform.swift; sourceTree = "<group>"; };
		B92842F70CAD67EDA55ED508 /* WaveformVideoRenderer.swift */ = {isa = PBXFileReference; lastKnownFileType = sourcecode.swift; path = WaveformVideoRenderer.swift; sourceTree = "<group>"; };
		B9AD2FFF59B01294EB8AFC66 /* ErrorBannerView.swift */ = {isa = PBXFileReference; lastKnownFileType = sourcecode.swift; path = ErrorBannerView.swift; sourceTree = "<group>"; };
		B9FB9EF0F1DE74BF80B8EFC9 /* WalletPass */ = {isa = PBXFileReference; lastKnownFileType = folder; name = WalletPass; path = Resources/WalletPass; sourceTree = SOURCE_ROOT; };
		BB7514C448FB5F66CB177762 /* FamilyControlsIntegration.swift */ = {isa = PBXFileReference; lastKnownFileType = sourcecode.swift; path = FamilyControlsIntegration.swift; sourceTree = "<group>"; };
		BBACCE37292793A5CC6E3831 /* WatchSettingsView.swift */ = {isa = PBXFileReference; lastKnownFileType = sourcecode.swift; path = WatchSettingsView.swift; sourceTree = "<group>"; };
		BC7B1466B45A8EACAE111A51 /* PostEmbedView.swift */ = {isa = PBXFileReference; lastKnownFileType = sourcecode.swift; path = PostEmbedView.swift; sourceTree = "<group>"; };
		BF46EADCBCB1DEE04BB4C93A /* ComposerView.swift */ = {isa = PBXFileReference; lastKnownFileType = sourcecode.swift; path = ComposerView.swift; sourceTree = "<group>"; };
		BFD035BF0A58A2F8E60C0E74 /* DraftsView.swift */ = {isa = PBXFileReference; lastKnownFileType = sourcecode.swift; path = DraftsView.swift; sourceTree = "<group>"; };
		C0B733C0076171F15536FD45 /* ProfilePostsView.swift */ = {isa = PBXFileReference; lastKnownFileType = sourcecode.swift; path = ProfilePostsView.swift; sourceTree = "<group>"; };
		C62B909A2464E8BE9773B576 /* ProfileHeaderView.swift */ = {isa = PBXFileReference; lastKnownFileType = sourcecode.swift; path = ProfileHeaderView.swift; sourceTree = "<group>"; };
		C72B71FDBED4A59D692EC401 /* NotificationRowView.swift */ = {isa = PBXFileReference; lastKnownFileType = sourcecode.swift; path = NotificationRowView.swift; sourceTree = "<group>"; };
		C8812C89BCC2BEEB3E008A36 /* AtmoWatch.app */ = {isa = PBXFileReference; explicitFileType = wrapper.application; includeInIndex = 0; path = AtmoWatch.app; sourceTree = BUILT_PRODUCTS_DIR; };
		C9658D1CD2CE07F044CA212D /* AtmoWatchApp.swift */ = {isa = PBXFileReference; lastKnownFileType = sourcecode.swift; path = AtmoWatchApp.swift; sourceTree = "<group>"; };
		CA2D34D55070B2FDC31315BF /* UbiquitousFileStore.swift */ = {isa = PBXFileReference; lastKnownFileType = sourcecode.swift; path = UbiquitousFileStore.swift; sourceTree = "<group>"; };
		CBF8F6165BB4E8C1496674D9 /* AppleMediaProcessor.swift */ = {isa = PBXFileReference; lastKnownFileType = sourcecode.swift; path = AppleMediaProcessor.swift; sourceTree = "<group>"; };
		CDB84B1D79468EBED66B8A63 /* SpecularLogoView.swift */ = {isa = PBXFileReference; lastKnownFileType = sourcecode.swift; path = SpecularLogoView.swift; sourceTree = "<group>"; };
		CEFB71039D234F1E6B1A1620 /* WalletPassGenerator.swift */ = {isa = PBXFileReference; lastKnownFileType = sourcecode.swift; path = WalletPassGenerator.swift; sourceTree = "<group>"; };
		D715FDD86925513414979F8E /* BookmarksView.swift */ = {isa = PBXFileReference; lastKnownFileType = sourcecode.swift; path = BookmarksView.swift; sourceTree = "<group>"; };
		DBCE0B04362B3AB22D835544 /* WelcomePostsBackground.swift */ = {isa = PBXFileReference; lastKnownFileType = sourcecode.swift; path = WelcomePostsBackground.swift; sourceTree = "<group>"; };
		DC1867ACECC3FF646FE786AD /* DrawingSheet.swift */ = {isa = PBXFileReference; lastKnownFileType = sourcecode.swift; path = DrawingSheet.swift; sourceTree = "<group>"; };
		DCFE019FBE762F5CE1E1434B /* ImageViewerView.swift */ = {isa = PBXFileReference; lastKnownFileType = sourcecode.swift; path = ImageViewerView.swift; sourceTree = "<group>"; };
		DF1D9BDBDBCE2292830AA7E9 /* PostPublishAttributes.swift */ = {isa = PBXFileReference; lastKnownFileType = sourcecode.swift; path = PostPublishAttributes.swift; sourceTree = "<group>"; };
		E1CFA79F7ED4A84640507EF6 /* SpotlightPostIndexer.swift */ = {isa = PBXFileReference; lastKnownFileType = sourcecode.swift; path = SpotlightPostIndexer.swift; sourceTree = "<group>"; };
		E35E4112FA41B1233D574B12 /* Assets.xcassets */ = {isa = PBXFileReference; lastKnownFileType = folder.assetcatalog; path = Assets.xcassets; sourceTree = "<group>"; };
		E3E8DFAAE13D068BB6E88F6C /* EmbeddedVideoPlayer.swift */ = {isa = PBXFileReference; lastKnownFileType = sourcecode.swift; path = EmbeddedVideoPlayer.swift; sourceTree = "<group>"; };
		E7364AB0C403D888FADBF61D /* AppNavigation.swift */ = {isa = PBXFileReference; lastKnownFileType = sourcecode.swift; path = AppNavigation.swift; sourceTree = "<group>"; };
		E76232602161DBBA414A3F3F /* Haptics.swift */ = {isa = PBXFileReference; lastKnownFileType = sourcecode.swift; path = Haptics.swift; sourceTree = "<group>"; };
		EAA8D74EB6AC8E9B734C1407 /* Pasteboard+Atmo.swift */ = {isa = PBXFileReference; lastKnownFileType = sourcecode.swift; path = "Pasteboard+Atmo.swift"; sourceTree = "<group>"; };
		ED383751DFB3B02B9A712C71 /* SensitiveMediaShield.swift */ = {isa = PBXFileReference; lastKnownFileType = sourcecode.swift; path = SensitiveMediaShield.swift; sourceTree = "<group>"; };
		EE1D4306B9B229153CAA9545 /* LikedPostsView.swift */ = {isa = PBXFileReference; lastKnownFileType = sourcecode.swift; path = LikedPostsView.swift; sourceTree = "<group>"; };
		EFDAE3CD661558EEAF60A875 /* RichTextView.swift */ = {isa = PBXFileReference; lastKnownFileType = sourcecode.swift; path = RichTextView.swift; sourceTree = "<group>"; };
		EFE1AB1182A6CEE1EAC1C431 /* TwoFactorView.swift */ = {isa = PBXFileReference; lastKnownFileType = sourcecode.swift; path = TwoFactorView.swift; sourceTree = "<group>"; };
		F1517B5F8C5E18DDEFE5BCA1 /* Atmo.app */ = {isa = PBXFileReference; includeInIndex = 0; lastKnownFileType = wrapper.application; path = Atmo.app; sourceTree = BUILT_PRODUCTS_DIR; };
		F47B521D88EECE8CBBC9142B /* UbiquitousKeyValueStore.swift */ = {isa = PBXFileReference; lastKnownFileType = sourcecode.swift; path = UbiquitousKeyValueStore.swift; sourceTree = "<group>"; };
		FB2E5444F50ACEF0FDA98D79 /* CameraCaptureView.swift */ = {isa = PBXFileReference; lastKnownFileType = sourcecode.swift; path = CameraCaptureView.swift; sourceTree = "<group>"; };
		FDA7CC137FDE37E7F4B702FE /* NotificationsView.swift */ = {isa = PBXFileReference; lastKnownFileType = sourcecode.swift; path = NotificationsView.swift; sourceTree = "<group>"; };
/* End PBXFileReference section */

/* Begin PBXFrameworksBuildPhase section */
		46B5DA0E789A43DC5518DB2C /* Frameworks */ = {
			isa = PBXFrameworksBuildPhase;
			buildActionMask = 2147483647;
			files = (
				EDDDF319E4EAB088ECDDAD6B /* AtmoCore in Frameworks */,
				F1E7A2C138947A1556C26B77 /* ATProtoKit in Frameworks */,
			);
			runOnlyForDeploymentPostprocessing = 0;
		};
		AED1E70F2908651B473243A3 /* Frameworks */ = {
			isa = PBXFrameworksBuildPhase;
			buildActionMask = 2147483647;
			files = (
				D9B05E0355DDA09685A4C8EF /* AtmoCore in Frameworks */,
				52309379F3B2F77238279E09 /* ATProtoKit in Frameworks */,
			);
			runOnlyForDeploymentPostprocessing = 0;
		};
/* End PBXFrameworksBuildPhase section */

/* Begin PBXGroup section */
		0F57080F77D0B3AB7DC54364 /* Features */ = {
			isa = PBXGroup;
			children = (
				978F0A04301E93A9915894C5 /* Auth */,
				1A666BDA31DD1DD66C9C6F8F /* Bookmarks */,
				85DC620D6044B4E67FDA35DA /* Composer */,
				AD1640F61C420B502AB62DF4 /* DMs */,
				B07E681FDE15AB954253BD0E /* Drafts */,
				EF21DB96A35EA2BA7938C4FA /* Notifications */,
				8C34566B5FA0DDCE5487CCA8 /* Profile */,
				BCBA8E32A3991A8A379465D6 /* Search */,
				E1CEEC3A944BA42B195C8BA3 /* Settings */,
				314965411DE47A7645F720F2 /* Timeline */,
			);
			path = Features;
			sourceTree = "<group>";
		};
		1A666BDA31DD1DD66C9C6F8F /* Bookmarks */ = {
			isa = PBXGroup;
			children = (
				D715FDD86925513414979F8E /* BookmarksView.swift */,
				492B9BD7100475A0535529CF /* GhostsView.swift */,
				EE1D4306B9B229153CAA9545 /* LikedPostsView.swift */,
				138983AE61340680FD80D0CD /* VaultView.swift */,
			);
			path = Bookmarks;
			sourceTree = "<group>";
		};
		2580BAA9440A2908034A25E0 /* App */ = {
			isa = PBXGroup;
			children = (
				A27B819F70B1B177035BB257 /* AppRouter.swift */,
				1E27E161212025CBDA762FF7 /* AtmoApp.swift */,
				45C433ECB23852BAF8233CC2 /* MediaPresentation.swift */,
			);
			path = App;
			sourceTree = "<group>";
		};
		2CBF29B004CB7B8E14A77255 /* WalletPass */ = {
			isa = PBXGroup;
			children = (
				CEFB71039D234F1E6B1A1620 /* WalletPassGenerator.swift */,
				429CC2A991D8A68270AE8F77 /* WalletPassSheet.swift */,
			);
			path = WalletPass;
			sourceTree = "<group>";
		};
		314965411DE47A7645F720F2 /* Timeline */ = {
			isa = PBXGroup;
			children = (
				314CED221A493CBD1616999A /* FeedItemView.swift */,
				0A6686670E324E9F566CB4BF /* PostActionsView.swift */,
				BC7B1466B45A8EACAE111A51 /* PostEmbedView.swift */,
				5CC35E00C3AF01396EEA33F0 /* ThreadReaderView.swift */,
				7A042721FAAFC56FB1EF66BA /* ThreadView.swift */,
				62E1F323E5E970FA2FF9BFF0 /* TimelineView.swift */,
			);
			path = Timeline;
			sourceTree = "<group>";
		};
		321365D308C2EDA74F07B8A4 /* Watch */ = {
			isa = PBXGroup;
			children = (
				C9658D1CD2CE07F044CA212D /* AtmoWatchApp.swift */,
				66FE2F6749F651AF55F5CEFD /* WatchLoginView.swift */,
				29A102F8922C0C58A2E8AFC5 /* WatchNotificationsView.swift */,
				BBACCE37292793A5CC6E3831 /* WatchSettingsView.swift */,
				67B95718F96B1698E4E6D325 /* WatchTimelineView.swift */,
			);
			path = Watch;
			sourceTree = "<group>";
		};
		450B285C7B732E2D36562499 /* Intents */ = {
			isa = PBXGroup;
			children = (
				900F28B4BB0B107F080F5DD8 /* AtmoIntents.swift */,
				1F0388279D04A09A7BD5AF48 /* BlueskySearchIntents.swift */,
				AEC1F4469F6843F13F335A9F /* BookmarkEntity.swift */,
			);
			path = Intents;
			sourceTree = "<group>";
		};
		51CD217331846B4B0C8F852D /* LiveActivity */ = {
			isa = PBXGroup;
			children = (
				DF1D9BDBDBCE2292830AA7E9 /* PostPublishAttributes.swift */,
			);
			path = LiveActivity;
			sourceTree = "<group>";
		};
		6653FDA16AC7FF146BA734C0 = {
			isa = PBXGroup;
			children = (
				9DB491E5F7834CC957834164 /* Apple */,
				FE109089682981726601229B /* Packages */,
				6F8D308871B13EED9BDD3799 /* Resources */,
				91938DD29517C10C03A830ED /* Atmo.storekit */,
				A728244928710EB3D14B4875 /* Products */,
			);
			sourceTree = "<group>";
		};
		66E0AD660849279C486E17E4 /* DesignSystem */ = {
			isa = PBXGroup;
			children = (
				A9CE2293C659B96F8502E117 /* AtmoColors.swift */,
				A6D5F6254C490BEED1F318C7 /* AtmoFonts.swift */,
				24D4C752CD2EE12A1600868A /* AtmoTheme.swift */,
				159C86922803A5EE97A1D0B3 /* GlassModifiers.swift */,
				E76232602161DBBA414A3F3F /* Haptics.swift */,
			);
			path = DesignSystem;
			sourceTree = "<group>";
		};
		6A0D4E8513B36BF40BF4CF39 /* Views */ = {
			isa = PBXGroup;
			children = (
				5AD0CF7F30DC8F8729AD7F72 /* AnimatedGIFView.swift */,
				90536C4D03C78CBCEE85EFEF /* AsyncCachedImage.swift */,
				40F61145768666D41432CF33 /* AttachmentMenu.swift */,
				810F3101A6618E68B1AC2A36 /* AvatarView.swift */,
				4ED2C660D1A0CAB34517CE3D /* DetachedVideoWindow.swift */,
				DC1867ACECC3FF646FE786AD /* DrawingSheet.swift */,
				E3E8DFAAE13D068BB6E88F6C /* EmbeddedVideoPlayer.swift */,
				B9AD2FFF59B01294EB8AFC66 /* ErrorBannerView.swift */,
				5745813F3F0385BD4EC737C7 /* GhostBadge.swift */,
				35D8ECCAC181EE3791D987A6 /* GlassCard.swift */,
				DCFE019FBE762F5CE1E1434B /* ImageViewerView.swift */,
				967CF623DACB557545B3E065 /* InAppBrowser.swift */,
				1852C1676F9B93E2152D1D2C /* LoadingView.swift */,
				1D5A94A7DD92632CA528A416 /* PostPublishStatusPill.swift */,
				EFDAE3CD661558EEAF60A875 /* RichTextView.swift */,
				ED383751DFB3B02B9A712C71 /* SensitiveMediaShield.swift */,
				900DE4B09A74ED39CF4A5C62 /* TranslateButton.swift */,
				2DB79F37363D01D8A6EC6C5D /* VaultLockToast.swift */,
				A585053040099E29C26DAB2B /* VerifiedBadge.swift */,
			);
			path = Views;
			sourceTree = "<group>";
		};
		6F8D308871B13EED9BDD3799 /* Resources */ = {
			isa = PBXGroup;
			children = (
				A5F2F77009664EB20C077752 /* AppIcon.icon */,
				E35E4112FA41B1233D574B12 /* Assets.xcassets */,
				B9FB9EF0F1DE74BF80B8EFC9 /* WalletPass */,
			);
			path = Resources;
			sourceTree = "<group>";
		};
		85DC620D6044B4E67FDA35DA /* Composer */ = {
			isa = PBXGroup;
			children = (
				CBF8F6165BB4E8C1496674D9 /* AppleMediaProcessor.swift */,
				FB2E5444F50ACEF0FDA98D79 /* CameraCaptureView.swift */,
				A2E333B9A5EC43F657C9DD89 /* ComposerMediaPreview.swift */,
				487A47451110A7905995A9DF /* ComposerToolbar.swift */,
				BF46EADCBCB1DEE04BB4C93A /* ComposerView.swift */,
				A9EDCB899AC4237D528F37EA /* GIFPickerSheet.swift */,
				B0428C8CF6D1961E0D0B8A60 /* ImageAltTextGenerator.swift */,
				10FBF08904E5D1B1C40366B7 /* PostPublishBridge.swift */,
				7A30966828A3215EB97F9E95 /* VideoPreparer.swift */,
				55A4F0DB8994184336815282 /* VoiceMemoSheet.swift */,
				B92842F70CAD67EDA55ED508 /* WaveformVideoRenderer.swift */,
			);
			path = Composer;
			sourceTree = "<group>";
		};
		8C34566B5FA0DDCE5487CCA8 /* Profile */ = {
			isa = PBXGroup;
			children = (
				0313DE856480435B53F1F399 /* EditProfileView.swift */,
				C62B909A2464E8BE9773B576 /* ProfileHeaderView.swift */,
				C0B733C0076171F15536FD45 /* ProfilePostsView.swift */,
				B42653DA347F1073FF2A5E5C /* ProfileView.swift */,
				2CB7DBBA3CB030E81D125CFC /* ReportAccountView.swift */,
			);
			path = Profile;
			sourceTree = "<group>";
		};
		978F0A04301E93A9915894C5 /* Auth */ = {
			isa = PBXGroup;
			children = (
				31F5CC67B73F5649C235A041 /* LoginView.swift */,
				CDB84B1D79468EBED66B8A63 /* SpecularLogoView.swift */,
				EFE1AB1182A6CEE1EAC1C431 /* TwoFactorView.swift */,
				DBCE0B04362B3AB22D835544 /* WelcomePostsBackground.swift */,
			);
			path = Auth;
			sourceTree = "<group>";
		};
		97A5D956BEBAC7D6C7191BAE /* Shared */ = {
			isa = PBXGroup;
			children = (
				A39D4682C480D17C4FC03193 /* Extensions */,
				C32A3ABB37DCAC6DB56180AF /* Services */,
				6A0D4E8513B36BF40BF4CF39 /* Views */,
				6FD59E289E3F205B61BF1046 /* ImageEnhancer.swift */,
				3577D6D478003F8E6955F1A5 /* ImageLuminance.swift */,
				4AE0BA51F1E6FB63EDB27577 /* ImagePrefetcher.swift */,
				683DDE26363C825F6115B859 /* MediaSaver.swift */,
			);
			path = Shared;
			sourceTree = "<group>";
		};
		9DB491E5F7834CC957834164 /* Apple */ = {
			isa = PBXGroup;
			children = (
				2580BAA9440A2908034A25E0 /* App */,
				66E0AD660849279C486E17E4 /* DesignSystem */,
				0F57080F77D0B3AB7DC54364 /* Features */,
				450B285C7B732E2D36562499 /* Intents */,
				51CD217331846B4B0C8F852D /* LiveActivity */,
				AD0D945C49F981D915D4390E /* Navigation */,
				F666A8C6A2B84DEEF6165468 /* Platform */,
				97A5D956BEBAC7D6C7191BAE /* Shared */,
				321365D308C2EDA74F07B8A4 /* Watch */,
				CCD797334B4119F61B6A04EC /* Widgets */,
			);
			path = Apple;
			sourceTree = "<group>";
		};
		A39D4682C480D17C4FC03193 /* Extensions */ = {
			isa = PBXGroup;
			children = (
				EAA8D74EB6AC8E9B734C1407 /* Pasteboard+Atmo.swift */,
				8B04EE931B31F8F7BFBE70C9 /* View+Atmo.swift */,
			);
			path = Extensions;
			sourceTree = "<group>";
		};
		A728244928710EB3D14B4875 /* Products */ = {
			isa = PBXGroup;
			children = (
				F1517B5F8C5E18DDEFE5BCA1 /* Atmo.app */,
				C8812C89BCC2BEEB3E008A36 /* AtmoWatch.app */,
				43DFA7F337C478835D66241B /* AtmoWidgets.appex */,
			);
			name = Products;
			sourceTree = "<group>";
		};
		AD0D945C49F981D915D4390E /* Navigation */ = {
			isa = PBXGroup;
			children = (
				E7364AB0C403D888FADBF61D /* AppNavigation.swift */,
			);
			path = Navigation;
			sourceTree = "<group>";
		};
		AD1640F61C420B502AB62DF4 /* DMs */ = {
			isa = PBXGroup;
			children = (
				39A5B39E9A7B97C2A2F1E3FA /* BookmarkPickerSheet.swift */,
				72EE8B6712C41D5DFE13C192 /* ConversationDetailView.swift */,
				AAE176C0DD24FECA866AD862 /* ConversationListView.swift */,
				AC62D50695E20DD950DBCC06 /* MessageBubbleView.swift */,
				93D1E7B8D83296E87147911D /* NewConversationView.swift */,
				60B9632F79CB5CC5D848C983 /* SendPostSheet.swift */,
			);
			path = DMs;
			sourceTree = "<group>";
		};
		B07E681FDE15AB954253BD0E /* Drafts */ = {
			isa = PBXGroup;
			children = (
				BFD035BF0A58A2F8E60C0E74 /* DraftsView.swift */,
			);
			path = Drafts;
			sourceTree = "<group>";
		};
		BCBA8E32A3991A8A379465D6 /* Search */ = {
			isa = PBXGroup;
			children = (
				8E34061A67FFB9244D8BC90F /* SearchMediaGrid.swift */,
				60BFCDD1F37B662C607BF339 /* SearchView.swift */,
				76CD6821579000DFC2010C06 /* TopicSummaryCard.swift */,
			);
			path = Search;
			sourceTree = "<group>";
		};
		C32A3ABB37DCAC6DB56180AF /* Services */ = {
			isa = PBXGroup;
			children = (
				8ECBF46F2260DDDFB90663C7 /* TranslationHelper.swift */,
			);
			path = Services;
			sourceTree = "<group>";
		};
		CCD797334B4119F61B6A04EC /* Widgets */ = {
			isa = PBXGroup;
			children = (
				8585BF821D960AC264BE6505 /* AtmoWidgets.swift */,
			);
			path = Widgets;
			sourceTree = "<group>";
		};
		E1CEEC3A944BA42B195C8BA3 /* Settings */ = {
			isa = PBXGroup;
			children = (
				2CBF29B004CB7B8E14A77255 /* WalletPass */,
				9084323DF95DF070B6E3BC73 /* SettingsView.swift */,
				2963C0869ED9D6AFF8E0255B /* ThemeSettings.swift */,
			);
			path = Settings;
			sourceTree = "<group>";
		};
		EF21DB96A35EA2BA7938C4FA /* Notifications */ = {
			isa = PBXGroup;
			children = (
				C72B71FDBED4A59D692EC401 /* NotificationRowView.swift */,
				FDA7CC137FDE37E7F4B702FE /* NotificationsView.swift */,
			);
			path = Notifications;
			sourceTree = "<group>";
		};
		F666A8C6A2B84DEEF6165468 /* Platform */ = {
			isa = PBXGroup;
			children = (
				B87E86E430EFC5C8B869C3B3 /* ApplePlatform.swift */,
				6877B7BEB880A0D1F13C3DB9 /* BackgroundSync.swift */,
				BB7514C448FB5F66CB177762 /* FamilyControlsIntegration.swift */,
				A3F2E63AD46C5826C264DA4A /* KeychainSecretsStore.swift */,
				E1CFA79F7ED4A84640507EF6 /* SpotlightPostIndexer.swift */,
				CA2D34D55070B2FDC31315BF /* UbiquitousFileStore.swift */,
				F47B521D88EECE8CBBC9142B /* UbiquitousKeyValueStore.swift */,
				36E0C8EC75200B697CDD1185 /* UserNotificationsPresenter.swift */,
				83DBE5011FE70DD0021B3AEA /* VaultAuthenticator.swift */,
			);
			path = Platform;
			sourceTree = "<group>";
		};
		FE109089682981726601229B /* Packages */ = {
			isa = PBXGroup;
			children = (
				181362BFA45FA1C0A7EB1182 /* AtmoCore */,
			);
			name = Packages;
			sourceTree = "<group>";
		};
/* End PBXGroup section */

/* Begin PBXNativeTarget section */
		7BB85D42C6D2AF642B86C38F /* Atmo */ = {
			isa = PBXNativeTarget;
			buildConfigurationList = 8577081A6E7FD04E64E91ECD /* Build configuration list for PBXNativeTarget "Atmo" */;
			buildPhases = (
				AF4CAF63DAB91549CBF73B85 /* Sources */,
				0D2BB8B709467B1711B9E762 /* Resources */,
				AED1E70F2908651B473243A3 /* Frameworks */,
				5D9A251962EB660F49E393A0 /* Embed Foundation Extensions */,
				4CEBD83440462363218FA70A /* Embed Watch Content */,
			);
			buildRules = (
			);
			dependencies = (
				C7C57E10BDE20A9B4FD90A0B /* PBXTargetDependency */,
				E38F667755378F18B26EAB35 /* PBXTargetDependency */,
			);
			name = Atmo;
			packageProductDependencies = (
				0E514D55557F1726BB4B47A5 /* AtmoCore */,
				1E32899101AB10F64A175CE4 /* ATProtoKit */,
			);
			productName = Atmo;
			productReference = F1517B5F8C5E18DDEFE5BCA1 /* Atmo.app */;
			productType = "com.apple.product-type.application";
		};
		BD3FF3D75E7C3BF859693E7F /* AtmoWatch */ = {
			isa = PBXNativeTarget;
			buildConfigurationList = 58CF012EFDD5D78B96236134 /* Build configuration list for PBXNativeTarget "AtmoWatch" */;
			buildPhases = (
				4C72B4951FE5AC22668DFCDA /* Sources */,
				2B15882B288D6A0884B65699 /* Resources */,
				46B5DA0E789A43DC5518DB2C /* Frameworks */,
			);
			buildRules = (
			);
			dependencies = (
			);
			name = AtmoWatch;
			packageProductDependencies = (
				00BA650A642C01670434726A /* AtmoCore */,
				5DFD0103A658C3BEAD99D4A2 /* ATProtoKit */,
			);
			productName = AtmoWatch;
			productReference = C8812C89BCC2BEEB3E008A36 /* AtmoWatch.app */;
			productType = "com.apple.product-type.application";
		};
		DD3BEC129863403A10055811 /* AtmoWidgets */ = {
			isa = PBXNativeTarget;
			buildConfigurationList = 1D1C3EB9476A48F6AA5C7515 /* Build configuration list for PBXNativeTarget "AtmoWidgets" */;
			buildPhases = (
				62BAC2EDD48BEE5FDC64F4B2 /* Sources */,
			);
			buildRules = (
			);
			dependencies = (
			);
			name = AtmoWidgets;
			packageProductDependencies = (
			);
			productName = AtmoWidgets;
			productReference = 43DFA7F337C478835D66241B /* AtmoWidgets.appex */;
			productType = "com.apple.product-type.app-extension";
		};
/* End PBXNativeTarget section */

/* Begin PBXProject section */
		4A63ADFCB8546730AE283852 /* Project object */ = {
			isa = PBXProject;
			attributes = {
				BuildIndependentTargetsInParallel = YES;
				LastUpgradeCheck = 2620;
				TargetAttributes = {
					7BB85D42C6D2AF642B86C38F = {
						DevelopmentTeam = P22P7U46RW;
						ProvisioningStyle = Automatic;
					};
					BD3FF3D75E7C3BF859693E7F = {
						DevelopmentTeam = P22P7U46RW;
						ProvisioningStyle = Automatic;
					};
					DD3BEC129863403A10055811 = {
						DevelopmentTeam = P22P7U46RW;
						ProvisioningStyle = Automatic;
					};
				};
			};
			buildConfigurationList = 485E3441CC0D33C7E93E347C /* Build configuration list for PBXProject "Atmo" */;
			developmentRegion = en;
			hasScannedForEncodings = 0;
			knownRegions = (
				Base,
				en,
			);
			mainGroup = 6653FDA16AC7FF146BA734C0;
			minimizedProjectReferenceProxies = 1;
			packageReferences = (
				404165A01E3AF933D494A7B4 /* XCRemoteSwiftPackageReference "ATProtoKit" */,
				82F371667955E39C691E1C00 /* XCRemoteSwiftPackageReference "swift-log" */,
				4C36AD7274DFBEA01C17ECEC /* XCLocalSwiftPackageReference "AtmoCore" */,
			);
			preferredProjectObjectVersion = 77;
			productRefGroup = A728244928710EB3D14B4875 /* Products */;
			projectDirPath = "";
			projectRoot = "";
			targets = (
				7BB85D42C6D2AF642B86C38F /* Atmo */,
				DD3BEC129863403A10055811 /* AtmoWidgets */,
				BD3FF3D75E7C3BF859693E7F /* AtmoWatch */,
			);
		};
/* End PBXProject section */

/* Begin PBXResourcesBuildPhase section */
		0D2BB8B709467B1711B9E762 /* Resources */ = {
			isa = PBXResourcesBuildPhase;
			buildActionMask = 2147483647;
			files = (
				961CF1A3E9B0AF62E5BF2354 /* AppIcon.icon in Resources */,
				BFED697050C2916BE78B1F11 /* Assets.xcassets in Resources */,
				F1D6882A4A6CD316A9931108 /* WalletPass in Resources */,
			);
			runOnlyForDeploymentPostprocessing = 0;
		};
		2B15882B288D6A0884B65699 /* Resources */ = {
			isa = PBXResourcesBuildPhase;
			buildActionMask = 2147483647;
			files = (
				6CDC0FE710C1AAE1C8C8A133 /* Assets.xcassets in Resources */,
			);
			runOnlyForDeploymentPostprocessing = 0;
		};
/* End PBXResourcesBuildPhase section */

/* Begin PBXSourcesBuildPhase section */
		4C72B4951FE5AC22668DFCDA /* Sources */ = {
			isa = PBXSourcesBuildPhase;
			buildActionMask = 2147483647;
			files = (
				81C1B251767AB494C725524A /* ApplePlatform.swift in Sources */,
				BA547FD6B799B74C41882C96 /* AtmoWatchApp.swift in Sources */,
				EE1432A2731D07E549451814 /* BackgroundSync.swift in Sources */,
				9416002A7EAA42E6C11AF351 /* FamilyControlsIntegration.swift in Sources */,
				AFA3D7D5DD6407DF10099411 /* KeychainSecretsStore.swift in Sources */,
				AA7AEB11D4F63900E31D774F /* SpotlightPostIndexer.swift in Sources */,
				F08AD90A262445DE0D9F4405 /* UbiquitousFileStore.swift in Sources */,
				B346F6A39232B0B8C9FE1592 /* UbiquitousKeyValueStore.swift in Sources */,
				74EF77254149C0663801FD81 /* UserNotificationsPresenter.swift in Sources */,
				9E7911FA6902AA3000006E65 /* VaultAuthenticator.swift in Sources */,
				DC523B4305411F0780BAB576 /* WatchLoginView.swift in Sources */,
				3F89056E069A824C40873F76 /* WatchNotificationsView.swift in Sources */,
				9F5252CF24C5091CEBD26A34 /* WatchSettingsView.swift in Sources */,
				8150894439CB53091D47AE85 /* WatchTimelineView.swift in Sources */,
			);
			runOnlyForDeploymentPostprocessing = 0;
		};
		62BAC2EDD48BEE5FDC64F4B2 /* Sources */ = {
			isa = PBXSourcesBuildPhase;
			buildActionMask = 2147483647;
			files = (
				04586C225EA77E2533C3AA25 /* AtmoWidgets.swift in Sources */,
				B3E82C93C975BF5B130A66C3 /* PostPublishAttributes.swift in Sources */,
			);
			runOnlyForDeploymentPostprocessing = 0;
		};
		AF4CAF63DAB91549CBF73B85 /* Sources */ = {
			isa = PBXSourcesBuildPhase;
			buildActionMask = 2147483647;
			files = (
				EC3CB4409134C1E9890E3A49 /* AnimatedGIFView.swift in Sources */,
				D8AFD22DDF58E4232CD4EA49 /* AppNavigation.swift in Sources */,
				38DD29F30F1D0DF7D8A47C25 /* AppRouter.swift in Sources */,
				14729AEC6C1BA755FFE20DCF /* AppleMediaProcessor.swift in Sources */,
				A96680C4D87175D11D055E72 /* ApplePlatform.swift in Sources */,
				1B86384E09352AC5D7806E10 /* AsyncCachedImage.swift in Sources */,
				425A29595AF68557AFF44A52 /* AtmoApp.swift in Sources */,
				08B19C0F3DD2FFC095D6913A /* AtmoColors.swift in Sources */,
				5AB9600490C0216F7643C6E8 /* AtmoFonts.swift in Sources */,
				E7903FF5DC85AB383FC7F926 /* AtmoIntents.swift in Sources */,
				54BA4BC259F1F2EDF4DB2490 /* AtmoTheme.swift in Sources */,
				0AF1BB3E4B376EA78F8C2B82 /* AttachmentMenu.swift in Sources */,
				E92762AD164A88086C21B0A8 /* AvatarView.swift in Sources */,
				0BEE367ACF73BAA1DEB8E681 /* BackgroundSync.swift in Sources */,
				A996B0E0ECE714B5BEECDC2D /* BlueskySearchIntents.swift in Sources */,
				4246AE5C24CA10CADE98F717 /* BookmarkEntity.swift in Sources */,
				FDF994D444AD359F37ABB124 /* BookmarkPickerSheet.swift in Sources */,
				DAEA684A5B95EDDD12466274 /* BookmarksView.swift in Sources */,
				8390A1B5BDE2DF72B827D98E /* CameraCaptureView.swift in Sources */,
				320A238A978F8AB733A1F625 /* ComposerMediaPreview.swift in Sources */,
				5937998BA3B19976F6A6D359 /* ComposerToolbar.swift in Sources */,
				D1FEF82FE42D24D1F3A24717 /* ComposerView.swift in Sources */,
				34B3130D9C48719711C61581 /* ConversationDetailView.swift in Sources */,
				69F413184BA7CB154C3B6D07 /* ConversationListView.swift in Sources */,
				F2B5642AA48BFC893A8E112F /* DetachedVideoWindow.swift in Sources */,
				22BC73F208891F3B99FDD44C /* DraftsView.swift in Sources */,
				61C3882AD82293D24920BD63 /* DrawingSheet.swift in Sources */,
				6DA828B883E3B1912E20D3F5 /* EditProfileView.swift in Sources */,
				9E65C40F684CE143356DAAF2 /* EmbeddedVideoPlayer.swift in Sources */,
				3137ACFB0D8B6B24FB93BB88 /* ErrorBannerView.swift in Sources */,
				53F5849D7A7E79458EF3CABC /* FamilyControlsIntegration.swift in Sources */,
				237A8B3C295991985EF383B8 /* FeedItemView.swift in Sources */,
				525C3745C23625E7227952AF /* GIFPickerSheet.swift in Sources */,
				FD9D10F7C15AD37F1DEABA2B /* GhostBadge.swift in Sources */,
				1CCE17DC47CF63155C92DF0B /* GhostsView.swift in Sources */,
				1FD075E8CE0F3E8D42D1958C /* GlassCard.swift in Sources */,
				0365773AD438E93127C83C7A /* GlassModifiers.swift in Sources */,
				5F8C12D599119CB1CF601449 /* Haptics.swift in Sources */,
				0754FB8F08C37F2424C85621 /* ImageAltTextGenerator.swift in Sources */,
				D88C5A142817BF4B66929CB4 /* ImageEnhancer.swift in Sources */,
				3C9F6740996C78F4A33AF27A /* ImageLuminance.swift in Sources */,
				A11DA6AB3574700701E71FB7 /* ImagePrefetcher.swift in Sources */,
				4072269A50D8C59B0D80239E /* ImageViewerView.swift in Sources */,
				16413942467282E362CE91CD /* InAppBrowser.swift in Sources */,
				EDBF8BC2F06A2A30279639E1 /* KeychainSecretsStore.swift in Sources */,
				CE4C749BDE87979B530FE5A0 /* LikedPostsView.swift in Sources */,
				496F933C6600B2472C27686C /* LoadingView.swift in Sources */,
				3874E80E83F7CE3D56B75D42 /* LoginView.swift in Sources */,
				BE8B98FCEB54958390E98792 /* MediaPresentation.swift in Sources */,
				51F375B821D4965C72C435E5 /* MediaSaver.swift in Sources */,
				52A7076A1EC50C6BFBE8049A /* MessageBubbleView.swift in Sources */,
				7314CAAA255AFD978D889749 /* NewConversationView.swift in Sources */,
				D8955B361EE8532C4AE57E4F /* NotificationRowView.swift in Sources */,
				9D314B40BE2982783BE8F3FC /* NotificationsView.swift in Sources */,
				CD59977FDDDA4C9C1A1F767B /* Pasteboard+Atmo.swift in Sources */,
				62289897EBF007549FD8E5A7 /* PostActionsView.swift in Sources */,
				744CEA9BEE824804F8AEA7FC /* PostEmbedView.swift in Sources */,
				FAB6AC450F9A9B635B439808 /* PostPublishAttributes.swift in Sources */,
				601F1FF12CFA8FEB050AE0AA /* PostPublishBridge.swift in Sources */,
				2AF5186EF649B43010513527 /* PostPublishStatusPill.swift in Sources */,
				C3FCC3EC164628B409301EB6 /* ProfileHeaderView.swift in Sources */,
				3D9CBFC5BCDE3483749C5151 /* ProfilePostsView.swift in Sources */,
				5F3DC0D73743F0A9DC942566 /* ProfileView.swift in Sources */,
				8A87FF65B1281F8A846BA4A5 /* ReportAccountView.swift in Sources */,
				BD407337803ED8DE0E6C85CB /* RichTextView.swift in Sources */,
				2EE88E0D0E78F6E31E781F9F /* SearchMediaGrid.swift in Sources */,
				CCD3FF9032F6926429B85AB8 /* SearchView.swift in Sources */,
				64E378E16276F100204DDC1F /* SendPostSheet.swift in Sources */,
				51A0257E15391064E3797F9B /* SensitiveMediaShield.swift in Sources */,
				B449D5D49FCF4C84E2842261 /* SettingsView.swift in Sources */,
				7B6BC22E33031CEC4B38B428 /* SpecularLogoView.swift in Sources */,
				269CDC34B769809348CDC5A4 /* SpotlightPostIndexer.swift in Sources */,
				1843786BDF6D8A2D2A15ED7D /* ThemeSettings.swift in Sources */,
				44E6166DCA6D97001FEF5F1F /* ThreadReaderView.swift in Sources */,
				4C4B14C8E18179FDD53D0A24 /* ThreadView.swift in Sources */,
				D76BEAC02FBCD4579AC8F14F /* TimelineView.swift in Sources */,
				F235A2E06CE342C9401095D2 /* TopicSummaryCard.swift in Sources */,
				C0C560B337FACFEC4A5AE2BE /* TranslateButton.swift in Sources */,
				17A83F126C1CDA6DE9BC417A /* TranslationHelper.swift in Sources */,
				CCE4B116D34C9F4F713CB35F /* TwoFactorView.swift in Sources */,
				FCC2510DB09B78B7D5D22BF9 /* UbiquitousFileStore.swift in Sources */,
				68E35D479091FE23D6CBE6DC /* UbiquitousKeyValueStore.swift in Sources */,
				9D95D77F4D6706F568B39C79 /* UserNotificationsPresenter.swift in Sources */,
				74AD34926FDEAA8F0A72BE0B /* VaultAuthenticator.swift in Sources */,
				0F02E5858697DCFA8EEED19A /* VaultLockToast.swift in Sources */,
				3F9E94655B87753534A158EA /* VaultView.swift in Sources */,
				97D88ED4F32BD89BA0AE5E6A /* VerifiedBadge.swift in Sources */,
				85D0A273B77BD737EECC6FAA /* VideoPreparer.swift in Sources */,
				AE8A906C844649E37C9E8907 /* View+Atmo.swift in Sources */,
				9C3AADAD4AEF37DC322745D7 /* VoiceMemoSheet.swift in Sources */,
				0617B59CC43C75FA49B924A9 /* WalletPassGenerator.swift in Sources */,
				608B471477A0B8E69EC0FA5E /* WalletPassSheet.swift in Sources */,
				99AE6A6A224F8D73C0BF7BBC /* WaveformVideoRenderer.swift in Sources */,
				F04BF31AAC1875781D4500D4 /* WelcomePostsBackground.swift in Sources */,
			);
			runOnlyForDeploymentPostprocessing = 0;
		};
/* End PBXSourcesBuildPhase section */

/* Begin PBXTargetDependency section */
		C7C57E10BDE20A9B4FD90A0B /* PBXTargetDependency */ = {
			isa = PBXTargetDependency;
			platformFilters = (
				ios,
			);
			target = BD3FF3D75E7C3BF859693E7F /* AtmoWatch */;
			targetProxy = 9BE6D21A58E243B09687A12E /* PBXContainerItemProxy */;
		};
		E38F667755378F18B26EAB35 /* PBXTargetDependency */ = {
			isa = PBXTargetDependency;
			platformFilters = (
				ios,
			);
			target = DD3BEC129863403A10055811 /* AtmoWidgets */;
			targetProxy = 875AD33951179CBFE85E9E6A /* PBXContainerItemProxy */;
		};
/* End PBXTargetDependency section */

/* Begin XCBuildConfiguration section */
		07600E639F80B323443E4BA8 /* Debug */ = {
			isa = XCBuildConfiguration;
			buildSettings = {
				ASSETCATALOG_COMPILER_APPICON_NAME = AppIcon;
				ASSETCATALOG_COMPILER_GLOBAL_ACCENT_COLOR_NAME = AccentColor;
				ENABLE_PREVIEWS = YES;
				GENERATE_INFOPLIST_FILE = YES;
				INFOPLIST_KEY_CFBundleDisplayName = "@omic";
				INFOPLIST_KEY_ITSAppUsesNonExemptEncryption = NO;
				INFOPLIST_KEY_WKApplication = YES;
				INFOPLIST_KEY_WKCompanionAppBundleIdentifier = "stoicswe.com-atmin-app";
				INFOPLIST_KEY_WKRunsIndependentlyOfCompanionApp = YES;
				PRODUCT_BUNDLE_IDENTIFIER = "stoicswe.com-atmin-app.watchkitapp";
				PRODUCT_NAME = AtmoWatch;
				SDKROOT = watchos;
				SKIP_INSTALL = YES;
				TARGETED_DEVICE_FAMILY = 4;
			};
			name = Debug;
		};
		113D4C56B7456D78B96EC851 /* Release */ = {
			isa = XCBuildConfiguration;
			buildSettings = {
				ASSETCATALOG_COMPILER_APPICON_NAME = AppIcon;
				ASSETCATALOG_COMPILER_GLOBAL_ACCENT_COLOR_NAME = AccentColor;
				ENABLE_PREVIEWS = YES;
				GENERATE_INFOPLIST_FILE = YES;
				INFOPLIST_KEY_CFBundleDisplayName = "@omic";
				INFOPLIST_KEY_ITSAppUsesNonExemptEncryption = NO;
				INFOPLIST_KEY_WKApplication = YES;
				INFOPLIST_KEY_WKCompanionAppBundleIdentifier = "stoicswe.com-atmin-app";
				INFOPLIST_KEY_WKRunsIndependentlyOfCompanionApp = YES;
				PRODUCT_BUNDLE_IDENTIFIER = "stoicswe.com-atmin-app.watchkitapp";
				PRODUCT_NAME = AtmoWatch;
				SDKROOT = watchos;
				SKIP_INSTALL = YES;
				TARGETED_DEVICE_FAMILY = 4;
			};
			name = Release;
		};
		12152A5DDCF5AFA7534A7D71 /* Debug */ = {
			isa = XCBuildConfiguration;
			buildSettings = {
				ASSETCATALOG_COMPILER_APPICON_NAME = AppIcon;
				ASSETCATALOG_COMPILER_GLOBAL_ACCENT_COLOR_NAME = AccentColor;
				AUTOMATION_APPLE_EVENTS = NO;
				CODE_SIGN_ENTITLEMENTS = Resources/Atmo.entitlements;
				CODE_SIGN_IDENTITY = "iPhone Developer";
				ENABLE_APP_SANDBOX = YES;
				ENABLE_HARDENED_RUNTIME = YES;
				ENABLE_INCOMING_NETWORK_CONNECTIONS = NO;
				ENABLE_OUTGOING_NETWORK_CONNECTIONS = YES;
				ENABLE_PREVIEWS = YES;
				ENABLE_RESOURCE_ACCESS_AUDIO_INPUT = YES;
				ENABLE_RESOURCE_ACCESS_PHOTO_LIBRARY = YES;
				ENABLE_USER_SELECTED_FILES = readonly;
				GENERATE_INFOPLIST_FILE = YES;
				INFOPLIST_FILE = Resources/Info.plist;
				INFOPLIST_KEY_CFBundleDisplayName = "@omic";
				"INFOPLIST_KEY_CFBundleDisplayName[sdk=macosx*]" = Atomic;
				INFOPLIST_KEY_ITSAppUsesNonExemptEncryption = NO;
				INFOPLIST_KEY_LSApplicationCategoryType = "public.app-category.social-networking";
				INFOPLIST_KEY_NSCameraUsageDescription = "@omic uses the camera to shoot photos and videos you attach to posts.";
				INFOPLIST_KEY_NSMicrophoneUsageDescription = "@omic uses the microphone to record voice memos you attach to posts.";
				INFOPLIST_KEY_NSPhotoLibraryAddUsageDescription = "@omic saves photos and videos you shoot in the composer, and media you save from posts, to your photo library.";
				"INFOPLIST_KEY_UIApplicationSceneManifest_Generation[sdk=iphoneos*]" = YES;
				"INFOPLIST_KEY_UIApplicationSceneManifest_Generation[sdk=iphonesimulator*]" = YES;
				"INFOPLIST_KEY_UIApplicationSupportsIndirectInputEvents[sdk=iphoneos*]" = YES;
				"INFOPLIST_KEY_UIApplicationSupportsIndirectInputEvents[sdk=iphonesimulator*]" = YES;
				"INFOPLIST_KEY_UILaunchScreen_Generation[sdk=iphoneos*]" = YES;
				"INFOPLIST_KEY_UILaunchScreen_Generation[sdk=iphonesimulator*]" = YES;
				"INFOPLIST_KEY_UIStatusBarStyle[sdk=iphoneos*]" = UIStatusBarStyleDefault;
				"INFOPLIST_KEY_UIStatusBarStyle[sdk=iphonesimulator*]" = UIStatusBarStyleDefault;
				INFOPLIST_KEY_UISupportedInterfaceOrientations = "UIInterfaceOrientationPortrait UIInterfaceOrientationLandscapeLeft UIInterfaceOrientationLandscapeRight";
				INFOPLIST_KEY_UISupportedInterfaceOrientations_iPad = "UIInterfaceOrientationLandscapeLeft UIInterfaceOrientationLandscapeRight UIInterfaceOrientationPortrait UIInterfaceOrientationPortraitUpsideDown";
				LD_RUNPATH_SEARCH_PATHS = "@executable_path/Frameworks";
				"LD_RUNPATH_SEARCH_PATHS[sdk=macosx*]" = "@executable_path/../Frameworks";
				PRODUCT_BUNDLE_IDENTIFIER = "stoicswe.com-atmin-app";
				PRODUCT_NAME = Atmo;
				"PRODUCT_NAME[sdk=macosx*]" = Atomic;
				REGISTER_APP_GROUPS = YES;
				SDKROOT = auto;
				SUPPORTED_PLATFORMS = "iphoneos iphonesimulator macosx";
				SUPPORTS_MACCATALYST = NO;
				SUPPORTS_MAC_DESIGNED_FOR_IPHONE_IPAD = NO;
				SUPPORTS_XR_DESIGNED_FOR_IPHONE_IPAD = YES;
				TARGETED_DEVICE_FAMILY = "1,2";
			};
			name = Debug;
		};
		3026FC5858EA0F325558E71C /* Release */ = {
			isa = XCBuildConfiguration;
			buildSettings = {
				ASSETCATALOG_COMPILER_APPICON_NAME = AppIcon;
				ASSETCATALOG_COMPILER_GLOBAL_ACCENT_COLOR_NAME = AccentColor;
				AUTOMATION_APPLE_EVENTS = NO;
				CODE_SIGN_ENTITLEMENTS = Resources/Atmo.entitlements;
				CODE_SIGN_IDENTITY = "iPhone Developer";
				ENABLE_APP_SANDBOX = YES;
				ENABLE_HARDENED_RUNTIME = YES;
				ENABLE_INCOMING_NETWORK_CONNECTIONS = NO;
				ENABLE_OUTGOING_NETWORK_CONNECTIONS = YES;
				ENABLE_PREVIEWS = YES;
				ENABLE_RESOURCE_ACCESS_AUDIO_INPUT = YES;
				ENABLE_RESOURCE_ACCESS_PHOTO_LIBRARY = YES;
				ENABLE_USER_SELECTED_FILES = readonly;
				GENERATE_INFOPLIST_FILE = YES;
				INFOPLIST_FILE = Resources/Info.plist;
				INFOPLIST_KEY_CFBundleDisplayName = "@omic";
				"INFOPLIST_KEY_CFBundleDisplayName[sdk=macosx*]" = Atomic;
				INFOPLIST_KEY_ITSAppUsesNonExemptEncryption = NO;
				INFOPLIST_KEY_LSApplicationCategoryType = "public.app-category.social-networking";
				INFOPLIST_KEY_NSCameraUsageDescription = "@omic uses the camera to shoot photos and videos you attach to posts.";
				INFOPLIST_KEY_NSMicrophoneUsageDescription = "@omic uses the microphone to record voice memos you attach to posts.";
				INFOPLIST_KEY_NSPhotoLibraryAddUsageDescription = "@omic saves photos and videos you shoot in the composer, and media you save from posts, to your photo library.";
				"INFOPLIST_KEY_UIApplicationSceneManifest_Generation[sdk=iphoneos*]" = YES;
				"INFOPLIST_KEY_UIApplicationSceneManifest_Generation[sdk=iphonesimulator*]" = YES;
				"INFOPLIST_KEY_UIApplicationSupportsIndirectInputEvents[sdk=iphoneos*]" = YES;
				"INFOPLIST_KEY_UIApplicationSupportsIndirectInputEvents[sdk=iphonesimulator*]" = YES;
				"INFOPLIST_KEY_UILaunchScreen_Generation[sdk=iphoneos*]" = YES;
				"INFOPLIST_KEY_UILaunchScreen_Generation[sdk=iphonesimulator*]" = YES;
				"INFOPLIST_KEY_UIStatusBarStyle[sdk=iphoneos*]" = UIStatusBarStyleDefault;
				"INFOPLIST_KEY_UIStatusBarStyle[sdk=iphonesimulator*]" = UIStatusBarStyleDefault;
				INFOPLIST_KEY_UISupportedInterfaceOrientations = "UIInterfaceOrientationPortrait UIInterfaceOrientationLandscapeLeft UIInterfaceOrientationLandscapeRight";
				INFOPLIST_KEY_UISupportedInterfaceOrientations_iPad = "UIInterfaceOrientationLandscapeLeft UIInterfaceOrientationLandscapeRight UIInterfaceOrientationPortrait UIInterfaceOrientationPortraitUpsideDown";
				LD_RUNPATH_SEARCH_PATHS = "@executable_path/Frameworks";
				"LD_RUNPATH_SEARCH_PATHS[sdk=macosx*]" = "@executable_path/../Frameworks";
				PRODUCT_BUNDLE_IDENTIFIER = "stoicswe.com-atmin-app";
				PRODUCT_NAME = Atmo;
				"PRODUCT_NAME[sdk=macosx*]" = Atomic;
				REGISTER_APP_GROUPS = YES;
				SDKROOT = auto;
				SUPPORTED_PLATFORMS = "iphoneos iphonesimulator macosx";
				SUPPORTS_MACCATALYST = NO;
				SUPPORTS_MAC_DESIGNED_FOR_IPHONE_IPAD = NO;
				SUPPORTS_XR_DESIGNED_FOR_IPHONE_IPAD = YES;
				TARGETED_DEVICE_FAMILY = "1,2";
			};
			name = Release;
		};
		6FE186744816347D26581F8F /* Debug */ = {
			isa = XCBuildConfiguration;
			buildSettings = {
				INFOPLIST_FILE = "Resources/AtmoWidgets-Info.plist";
				INFOPLIST_KEY_ITSAppUsesNonExemptEncryption = NO;
				LD_RUNPATH_SEARCH_PATHS = (
					"$(inherited)",
					"@executable_path/Frameworks",
					"@executable_path/../../Frameworks",
				);
				PRODUCT_BUNDLE_IDENTIFIER = "stoicswe.com-atmin-app.widgets";
				PRODUCT_NAME = AtmoWidgets;
				SDKROOT = iphoneos;
				SKIP_INSTALL = YES;
				TARGETED_DEVICE_FAMILY = "1,2";
			};
			name = Debug;
		};
		9CB2008DFFDFA1BECA57123D /* Release */ = {
			isa = XCBuildConfiguration;
			buildSettings = {
				INFOPLIST_FILE = "Resources/AtmoWidgets-Info.plist";
				INFOPLIST_KEY_ITSAppUsesNonExemptEncryption = NO;
				LD_RUNPATH_SEARCH_PATHS = (
					"$(inherited)",
					"@executable_path/Frameworks",
					"@executable_path/../../Frameworks",
				);
				PRODUCT_BUNDLE_IDENTIFIER = "stoicswe.com-atmin-app.widgets";
				PRODUCT_NAME = AtmoWidgets;
				SDKROOT = iphoneos;
				SKIP_INSTALL = YES;
				TARGETED_DEVICE_FAMILY = "1,2";
			};
			name = Release;
		};
		A45C7F5F462E7FD7BC30DE79 /* Debug */ = {
			isa = XCBuildConfiguration;
			buildSettings = {
				ALWAYS_SEARCH_USER_PATHS = NO;
				CLANG_ANALYZER_NONNULL = YES;
				CLANG_ANALYZER_NUMBER_OBJECT_CONVERSION = YES_AGGRESSIVE;
				CLANG_CXX_LANGUAGE_STANDARD = "gnu++14";
				CLANG_CXX_LIBRARY = "libc++";
				CLANG_ENABLE_MODULES = YES;
				CLANG_ENABLE_OBJC_ARC = YES;
				CLANG_ENABLE_OBJC_WEAK = YES;
				CLANG_WARN_BLOCK_CAPTURE_AUTORELEASING = YES;
				CLANG_WARN_BOOL_CONVERSION = YES;
				CLANG_WARN_COMMA = YES;
				CLANG_WARN_CONSTANT_CONVERSION = YES;
				CLANG_WARN_DEPRECATED_OBJC_IMPLEMENTATIONS = YES;
				CLANG_WARN_DIRECT_OBJC_ISA_USAGE = YES_ERROR;
				CLANG_WARN_DOCUMENTATION_COMMENTS = YES;
				CLANG_WARN_EMPTY_BODY = YES;
				CLANG_WARN_ENUM_CONVERSION = YES;
				CLANG_WARN_INFINITE_RECURSION = YES;
				CLANG_WARN_INT_CONVERSION = YES;
				CLANG_WARN_NON_LITERAL_NULL_CONVERSION = YES;
				CLANG_WARN_OBJC_IMPLICIT_RETAIN_SELF = YES;
				CLANG_WARN_OBJC_LITERAL_CONVERSION = YES;
				CLANG_WARN_OBJC_ROOT_CLASS = YES_ERROR;
				CLANG_WARN_QUOTED_INCLUDE_IN_FRAMEWORK_HEADER = YES;
				CLANG_WARN_RANGE_LOOP_ANALYSIS = YES;
				CLANG_WARN_STRICT_PROTOTYPES = YES;
				CLANG_WARN_SUSPICIOUS_MOVE = YES;
				CLANG_WARN_UNGUARDED_AVAILABILITY = YES_AGGRESSIVE;
				CLANG_WARN_UNREACHABLE_CODE = YES;
				CLANG_WARN__DUPLICATE_METHOD_MATCH = YES;
				CODE_SIGN_STYLE = Automatic;
				COPY_PHASE_STRIP = NO;
				CURRENT_PROJECT_VERSION = 2026.0904.1013;
				DEBUG_INFORMATION_FORMAT = dwarf;
				DEVELOPMENT_TEAM = P22P7U46RW;
				ENABLE_STRICT_OBJC_MSGSEND = YES;
				ENABLE_TESTABILITY = YES;
				ENABLE_USER_SCRIPT_SANDBOXING = YES;
				GCC_C_LANGUAGE_STANDARD = gnu11;
				GCC_DYNAMIC_NO_PIC = NO;
				GCC_NO_COMMON_BLOCKS = YES;
				GCC_OPTIMIZATION_LEVEL = 0;
				GCC_PREPROCESSOR_DEFINITIONS = (
					"$(inherited)",
					"DEBUG=1",
				);
				GCC_WARN_64_TO_32_BIT_CONVERSION = YES;
				GCC_WARN_ABOUT_RETURN_TYPE = YES_ERROR;
				GCC_WARN_UNDECLARED_SELECTOR = YES;
				GCC_WARN_UNINITIALIZED_AUTOS = YES_AGGRESSIVE;
				GCC_WARN_UNUSED_FUNCTION = YES;
				GCC_WARN_UNUSED_VARIABLE = YES;
				IPHONEOS_DEPLOYMENT_TARGET = 26.2;
				LOCALIZATION_PREFERS_STRING_CATALOGS = YES;
				MACOSX_DEPLOYMENT_TARGET = 26.2;
				MARKETING_VERSION = 1.0.0;
				MTL_ENABLE_DEBUG_INFO = INCLUDE_SOURCE;
				MTL_FAST_MATH = YES;
				ONLY_ACTIVE_ARCH = YES;
				PRODUCT_NAME = "$(TARGET_NAME)";
				STRING_CATALOG_GENERATE_SYMBOLS = YES;
				SWIFT_ACTIVE_COMPILATION_CONDITIONS = DEBUG;
				SWIFT_APPROACHABLE_CONCURRENCY = YES;
				SWIFT_DEFAULT_ACTOR_ISOLATION = MainActor;
				SWIFT_EMIT_LOC_STRINGS = YES;
				SWIFT_OPTIMIZATION_LEVEL = "-Onone";
				SWIFT_UPCOMING_FEATURE_MEMBER_IMPORT_VISIBILITY = YES;
				SWIFT_VERSION = 5.0;
				WATCHOS_DEPLOYMENT_TARGET = 26.2;
			};
			name = Debug;
		};
		CC1E5C9DB97D3980D8A79FB7 /* Release */ = {
			isa = XCBuildConfiguration;
			buildSettings = {
				ALWAYS_SEARCH_USER_PATHS = NO;
				CLANG_ANALYZER_NONNULL = YES;
				CLANG_ANALYZER_NUMBER_OBJECT_CONVERSION = YES_AGGRESSIVE;
				CLANG_CXX_LANGUAGE_STANDARD = "gnu++14";
				CLANG_CXX_LIBRARY = "libc++";
				CLANG_ENABLE_MODULES = YES;
				CLANG_ENABLE_OBJC_ARC = YES;
				CLANG_ENABLE_OBJC_WEAK = YES;
				CLANG_WARN_BLOCK_CAPTURE_AUTORELEASING = YES;
				CLANG_WARN_BOOL_CONVERSION = YES;
				CLANG_WARN_COMMA = YES;
				CLANG_WARN_CONSTANT_CONVERSION = YES;
				CLANG_WARN_DEPRECATED_OBJC_IMPLEMENTATIONS = YES;
				CLANG_WARN_DIRECT_OBJC_ISA_USAGE = YES_ERROR;
				CLANG_WARN_DOCUMENTATION_COMMENTS = YES;
				CLANG_WARN_EMPTY_BODY = YES;
				CLANG_WARN_ENUM_CONVERSION = YES;
				CLANG_WARN_INFINITE_RECURSION = YES;
				CLANG_WARN_INT_CONVERSION = YES;
				CLANG_WARN_NON_LITERAL_NULL_CONVERSION = YES;
				CLANG_WARN_OBJC_IMPLICIT_RETAIN_SELF = YES;
				CLANG_WARN_OBJC_LITERAL_CONVERSION = YES;
				CLANG_WARN_OBJC_ROOT_CLASS = YES_ERROR;
				CLANG_WARN_QUOTED_INCLUDE_IN_FRAMEWORK_HEADER = YES;
				CLANG_WARN_RANGE_LOOP_ANALYSIS = YES;
				CLANG_WARN_STRICT_PROTOTYPES = YES;
				CLANG_WARN_SUSPICIOUS_MOVE = YES;
				CLANG_WARN_UNGUARDED_AVAILABILITY = YES_AGGRESSIVE;
				CLANG_WARN_UNREACHABLE_CODE = YES;
				CLANG_WARN__DUPLICATE_METHOD_MATCH = YES;
				CODE_SIGN_STYLE = Automatic;
				COPY_PHASE_STRIP = NO;
				CURRENT_PROJECT_VERSION = 2026.0904.1013;
				DEBUG_INFORMATION_FORMAT = "dwarf-with-dsym";
				DEVELOPMENT_TEAM = P22P7U46RW;
				ENABLE_NS_ASSERTIONS = NO;
				ENABLE_STRICT_OBJC_MSGSEND = YES;
				ENABLE_USER_SCRIPT_SANDBOXING = YES;
				GCC_C_LANGUAGE_STANDARD = gnu11;
				GCC_NO_COMMON_BLOCKS = YES;
				GCC_WARN_64_TO_32_BIT_CONVERSION = YES;
				GCC_WARN_ABOUT_RETURN_TYPE = YES_ERROR;
				GCC_WARN_UNDECLARED_SELECTOR = YES;
				GCC_WARN_UNINITIALIZED_AUTOS = YES_AGGRESSIVE;
				GCC_WARN_UNUSED_FUNCTION = YES;
				GCC_WARN_UNUSED_VARIABLE = YES;
				IPHONEOS_DEPLOYMENT_TARGET = 26.2;
				LOCALIZATION_PREFERS_STRING_CATALOGS = YES;
				MACOSX_DEPLOYMENT_TARGET = 26.2;
				MARKETING_VERSION = 1.0.0;
				MTL_ENABLE_DEBUG_INFO = NO;
				MTL_FAST_MATH = YES;
				PRODUCT_NAME = "$(TARGET_NAME)";
				STRING_CATALOG_GENERATE_SYMBOLS = YES;
				SWIFT_APPROACHABLE_CONCURRENCY = YES;
				SWIFT_COMPILATION_MODE = wholemodule;
				SWIFT_DEFAULT_ACTOR_ISOLATION = MainActor;
				SWIFT_EMIT_LOC_STRINGS = YES;
				SWIFT_OPTIMIZATION_LEVEL = "-O";
				SWIFT_UPCOMING_FEATURE_MEMBER_IMPORT_VISIBILITY = YES;
				SWIFT_VERSION = 5.0;
				WATCHOS_DEPLOYMENT_TARGET = 26.2;
			};
			name = Release;
		};
/* End XCBuildConfiguration section */

/* Begin XCConfigurationList section */
		1D1C3EB9476A48F6AA5C7515 /* Build configuration list for PBXNativeTarget "AtmoWidgets" */ = {
			isa = XCConfigurationList;
			buildConfigurations = (
				6FE186744816347D26581F8F /* Debug */,
				9CB2008DFFDFA1BECA57123D /* Release */,
			);
			defaultConfigurationIsVisible = 0;
			defaultConfigurationName = Debug;
		};
		485E3441CC0D33C7E93E347C /* Build configuration list for PBXProject "Atmo" */ = {
			isa = XCConfigurationList;
			buildConfigurations = (
				A45C7F5F462E7FD7BC30DE79 /* Debug */,
				CC1E5C9DB97D3980D8A79FB7 /* Release */,
			);
			defaultConfigurationIsVisible = 0;
			defaultConfigurationName = Debug;
		};
		58CF012EFDD5D78B96236134 /* Build configuration list for PBXNativeTarget "AtmoWatch" */ = {
			isa = XCConfigurationList;
			buildConfigurations = (
				07600E639F80B323443E4BA8 /* Debug */,
				113D4C56B7456D78B96EC851 /* Release */,
			);
			defaultConfigurationIsVisible = 0;
			defaultConfigurationName = Debug;
		};
		8577081A6E7FD04E64E91ECD /* Build configuration list for PBXNativeTarget "Atmo" */ = {
			isa = XCConfigurationList;
			buildConfigurations = (
				12152A5DDCF5AFA7534A7D71 /* Debug */,
				3026FC5858EA0F325558E71C /* Release */,
			);
			defaultConfigurationIsVisible = 0;
			defaultConfigurationName = Debug;
		};
/* End XCConfigurationList section */

/* Begin XCLocalSwiftPackageReference section */
		4C36AD7274DFBEA01C17ECEC /* XCLocalSwiftPackageReference "AtmoCore" */ = {
			isa = XCLocalSwiftPackageReference;
			relativePath = AtmoCore;
		};
/* End XCLocalSwiftPackageReference section */

/* Begin XCRemoteSwiftPackageReference section */
		404165A01E3AF933D494A7B4 /* XCRemoteSwiftPackageReference "ATProtoKit" */ = {
			isa = XCRemoteSwiftPackageReference;
			repositoryURL = "https://github.com/MasterJ93/ATProtoKit.git";
			requirement = {
				kind = upToNextMajorVersion;
				minimumVersion = 0.34.1;
			};
		};
		82F371667955E39C691E1C00 /* XCRemoteSwiftPackageReference "swift-log" */ = {
			isa = XCRemoteSwiftPackageReference;
			repositoryURL = "https://github.com/stoicswe/swift-log.git";
			requirement = {
				branch = main;
				kind = branch;
			};
		};
/* End XCRemoteSwiftPackageReference section */

/* Begin XCSwiftPackageProductDependency section */
		00BA650A642C01670434726A /* AtmoCore */ = {
			isa = XCSwiftPackageProductDependency;
			productName = AtmoCore;
		};
		0E514D55557F1726BB4B47A5 /* AtmoCore */ = {
			isa = XCSwiftPackageProductDependency;
			productName = AtmoCore;
		};
		1E32899101AB10F64A175CE4 /* ATProtoKit */ = {
			isa = XCSwiftPackageProductDependency;
			package = 404165A01E3AF933D494A7B4 /* XCRemoteSwiftPackageReference "ATProtoKit" */;
			productName = ATProtoKit;
		};
		5DFD0103A658C3BEAD99D4A2 /* ATProtoKit */ = {
			isa = XCSwiftPackageProductDependency;
			package = 404165A01E3AF933D494A7B4 /* XCRemoteSwiftPackageReference "ATProtoKit" */;
			productName = ATProtoKit;
		};
/* End XCSwiftPackageProductDependency section */
	};
	rootObject = 4A63ADFCB8546730AE283852 /* Project object */;
}
