{
  "originHash" : "e9598dbb2208606ce62d2dbc77905586a0a86246820c4065793e9c0bac8a28ce",
  "pins" : [
    {
      "identity" : "atprotokit",
      "kind" : "remoteSourceControl",
      "location" : "https://github.com/MasterJ93/ATProtoKit.git",
      "state" : {
        "revision" : "618aa33b0b57f54f2a145da5d6f77dd6a48de5de",
        "version" : "0.32.5"
      }
    },
    {
      "identity" : "swift-log",
      "kind" : "remoteSourceControl",
      "location" : "https://github.com/apple/swift-log.git",
      "state" : {
        "revision" : "bbd81b6725ae874c69e9b8c8804d462356b55523",
        "version" : "1.10.1"
      }
    }
  ],
  "version" : 3
}
